
Microsoft Visual Studio Solution File, Format Version 12.00
# Visual Studio Version 16
VisualStudioVersion = 16.0.31321.278
MinimumVisualStudioVersion = 10.0.40219.1
Project("{8BC9CEB8-8B4A-11D0-8D11-00A0C91BC942}") = "declaration_method", "Bacis-Of-C\Bacis-Of-C.vcxproj", "{14004951-3C04-4784-A325-A74DB1B9436B}"
EndProject
Project("{8BC9CEB8-8B4A-11D0-8D11-00A0C91BC942}") = "basic_method_of_printf", "variables_declaration\variables_declaration.vcxproj", "{EF489A93-AFAF-4E23-850C-08072E3B54E6}"
EndProject
Project("{8BC9CEB8-8B4A-11D0-8D11-00A0C91BC942}") = "make_function", "make_function\make_function.vcxproj", "{B8BFD43B-3465-49AA-A2D8-F0D1057833D0}"
EndProject
Project("{8BC9CEB8-8B4A-11D0-8D11-00A0C91BC942}") = "basic_usage_of_scanf_function", "basic_usage_of_scanf_function\basic_usage_of_scanf_function.vcxproj", "{2931D106-39A6-48F4-901D-6C284A25772B}"
EndProject
Project("{8BC9CEB8-8B4A-11D0-8D11-00A0C91BC942}") = "simple_input_and_output_program", "simple_input_and_output_program\simple_input_and_output_program.vcxproj", "{93A885D0-350B-4BE9-AC0E-AFCAECFA6019}"
EndProject
Project("{8BC9CEB8-8B4A-11D0-8D11-00A0C91BC942}") = "overflow_of_integer", "overflow_of_integer\overflow_of_integer.vcxproj", "{9775ACFF-BD95-49C2-9F94-D9C79F2BDA52}"
EndProject
Project("{8BC9CEB8-8B4A-11D0-8D11-00A0C91BC942}") = "fixed-width_integers", "fixed-width_integers\fixed-width_integers.vcxproj", "{6B7F71C4-9BFA-4896-98FB-6C02DAB9E8AA}"
EndProject
Project("{8BC9CEB8-8B4A-11D0-8D11-00A0C91BC942}") = "character_type", "character_type\character_type.vcxproj", "{8CE3918C-EC4B-45D7-ABEA-83F85D32D84C}"
EndProject
Project("{8BC9CEB8-8B4A-11D0-8D11-00A0C91BC942}") = "limitation_of_floating-point", "limitation_of_floating-point\limitation_of_floating-point.vcxproj", "{D9196DEF-C30D-487E-8158-A810E0819F4F}"
EndProject
Project("{8BC9CEB8-8B4A-11D0-8D11-00A0C91BC942}") = "boolean_types", "boolean_types\boolean_types.vcxproj", "{B942D4DB-12FA-4726-89F1-3F493FB8EA6A}"
EndProject
Project("{8BC9CEB8-8B4A-11D0-8D11-00A0C91BC942}") = "complex_types", "complex_types\complex_types.vcxproj", "{72E983F1-D724-44F5-83AC-6B9B8D6ED7B1}"
EndProject
Project("{8BC9CEB8-8B4A-11D0-8D11-00A0C91BC942}") = "basic_input_and_output_of_character_list", "basic_input_and_output_of_character_list\basic_input_and_output_of_character_list.vcxproj", "{685934C3-12B9-40DA-B66D-D01AED5A1852}"
EndProject
Project("{8BC9CEB8-8B4A-11D0-8D11-00A0C91BC942}") = "sizeof", "sizeof\sizeof.vcxproj", "{687B9D72-CD27-44C2-822B-36F8AD8584AA}"
EndProject
Project("{8BC9CEB8-8B4A-11D0-8D11-00A0C91BC942}") = "storage_principle_of_string_in_memory", "storage_principle_of_string_in_memory\storage_principle_of_string_in_memory.vcxproj", "{2D618400-9FEF-4A3B-8028-6B3E26F2AEF1}"
EndProject
Project("{8BC9CEB8-8B4A-11D0-8D11-00A0C91BC942}") = "strlen", "strlen\strlen.vcxproj", "{891E3C5A-CF19-40E9-A529-7A9306AD9A81}"
EndProject
Project("{8BC9CEB8-8B4A-11D0-8D11-00A0C91BC942}") = "symbolic_constants_and_define", "symbolic_constants_and_define\symbolic_constants_and_define.vcxproj", "{96877BD2-1FEE-447E-B5E5-1809D47C349F}"
EndProject
Project("{8BC9CEB8-8B4A-11D0-8D11-00A0C91BC942}") = "manifest_constants", "maifest_constants\maifest_constants.vcxproj", "{9C7CC972-714D-4406-A2A9-1D67A9FDC5F3}"
EndProject
Project("{8BC9CEB8-8B4A-11D0-8D11-00A0C91BC942}") = "usage_of_scanf_function", "usage_of_scanf_function\usage_of_scanf_function.vcxproj", "{E7EC367B-8518-4178-B600-AD0574451636}"
EndProject
Project("{8BC9CEB8-8B4A-11D0-8D11-00A0C91BC942}") = "several_operators", "several_operators\several_operators.vcxproj", "{F491993A-C474-4C54-B8EA-A0B5E937A3BA}"
EndProject
Project("{8BC9CEB8-8B4A-11D0-8D11-00A0C91BC942}") = "type_conversion", "type_conversion\type_conversion.vcxproj", "{03DAAF91-E441-4D12-AD79-AD7746B84431}"
EndProject
Project("{8BC9CEB8-8B4A-11D0-8D11-00A0C91BC942}") = "arguments_and_parameters", "arguments_and_parameters\arguments_and_parameters.vcxproj", "{487355CA-B4A3-4878-9560-C9A5699F8048}"
EndProject
Project("{8BC9CEB8-8B4A-11D0-8D11-00A0C91BC942}") = "while_loop_with_scanf_function", "while_loop_with_scanf_function\while_loop_with_scanf_function.vcxproj", "{79CFCEE0-3CEC-42F3-9380-794819FF17D2}"
EndProject
Project("{8BC9CEB8-8B4A-11D0-8D11-00A0C91BC942}") = "while_loop", "while_loop\while_loop.vcxproj", "{E10BA439-9D5E-454E-8B46-BC24D06BEB98}"
EndProject
Project("{8BC9CEB8-8B4A-11D0-8D11-00A0C91BC942}") = "relational_operators", "relational_operators\relational_operators.vcxproj", "{99C1CD35-DD8F-498E-AED0-EBD8D50F021F}"
EndProject
Project("{8BC9CEB8-8B4A-11D0-8D11-00A0C91BC942}") = "true_and_false", "true_and_false\true_and_false.vcxproj", "{59375BD6-5572-41CF-89EA-C2770F0AB7AF}"
EndProject
Project("{8BC9CEB8-8B4A-11D0-8D11-00A0C91BC942}") = "_Bool", "_Bool\_Bool.vcxproj", "{B7BB55B1-9F49-4B68-BB7C-CD4F7A2953C1}"
EndProject
Project("{8BC9CEB8-8B4A-11D0-8D11-00A0C91BC942}") = "precedence_of_relational_operators", "precedence_of_relational_operators\precedence_of_relational_operators.vcxproj", "{9F0144AE-0952-4460-9BBD-54AEE770BEDA}"
EndProject
Project("{8BC9CEB8-8B4A-11D0-8D11-00A0C91BC942}") = "introduction_of_for_loop", "introduction_of_for_loop\introduction_of_for_loop.vcxproj", "{80F51DCA-0BC6-4028-A3F6-CFF24818F00D}"
EndProject
Project("{8BC9CEB8-8B4A-11D0-8D11-00A0C91BC942}") = "flexable_for_loop", "flexable_for_loop\flexable_for_loop.vcxproj", "{95085668-39FC-4EA4-A9ED-6D4517F8986B}"
EndProject
Project("{8BC9CEB8-8B4A-11D0-8D11-00A0C91BC942}") = "variable_assignment_operators", "variable_assignment_operators\variable_assignment_operators.vcxproj", "{BDB37AA8-2254-4E0C-BAB5-607B6C1F3238}"
EndProject
Project("{8BC9CEB8-8B4A-11D0-8D11-00A0C91BC942}") = "comma_operator", "comma_operator\comma_operator.vcxproj", "{D6F5B720-5ED0-43E0-9A87-6127A733469D}"
EndProject
Project("{8BC9CEB8-8B4A-11D0-8D11-00A0C91BC942}") = "zeno_paradox", "zeno_paradox\zeno_paradox.vcxproj", "{CB418950-50B8-46A8-B074-039A9C7B4801}"
EndProject
Project("{8BC9CEB8-8B4A-11D0-8D11-00A0C91BC942}") = "exit-condition_loop_do_while", "exit-condition_loop_do_while\exit-condition_loop_do_while.vcxproj", "{1D3D5C55-B842-4DB7-A69D-5D1565D710E3}"
EndProject
Project("{8BC9CEB8-8B4A-11D0-8D11-00A0C91BC942}") = "nested_loops", "nested_loops\nested_loops.vcxproj", "{189B16BB-D9DF-43E1-93E1-81D9327D2D41}"
EndProject
Project("{8BC9CEB8-8B4A-11D0-8D11-00A0C91BC942}") = "array_and_runtime_error", "loop_and_runtime_error\loop_and_runtime_error.vcxproj", "{D0B3FDFA-57FA-4110-8D00-CE6CAF247B84}"
EndProject
Project("{8BC9CEB8-8B4A-11D0-8D11-00A0C91BC942}") = "for_loop_with_array", "for_loop_with_array\for_loop_with_array.vcxproj", "{BDB1BB3C-60B2-4CCC-B67D-4AB8BAD8A08F}"
EndProject
Project("{8BC9CEB8-8B4A-11D0-8D11-00A0C91BC942}") = "use_return_value_of function_in_loop", "use_return_value_of function_in_loop\use_return_value_of function_in_loop.vcxproj", "{DC4B9C82-0379-482E-ABDE-7C5232E73CA9}"
EndProject
Project("{8BC9CEB8-8B4A-11D0-8D11-00A0C91BC942}") = "branching_statement_if", "if\if.vcxproj", "{BF1E8C13-5BD5-4BCD-8791-2BA907715D11}"
EndProject
Project("{8BC9CEB8-8B4A-11D0-8D11-00A0C91BC942}") = "getchar_and_putchar", "getchar_and_putchar\getchar_and_putchar.vcxproj", "{42F30BB1-503E-4885-BB72-E4644B5358D6}"
EndProject
Project("{8BC9CEB8-8B4A-11D0-8D11-00A0C91BC942}") = "ctype.h", "ctype.h\ctype.h.vcxproj", "{2DD16BBA-1B05-4626-AFAD-D4602330FC55}"
EndProject
Project("{8BC9CEB8-8B4A-11D0-8D11-00A0C91BC942}") = "else_if", "else_if\else_if.vcxproj", "{AF73FDB3-4DF2-483C-A033-1D00D5604D52}"
EndProject
Project("{8BC9CEB8-8B4A-11D0-8D11-00A0C91BC942}") = "combination_of_else_and_if", "combination_of_else_and_if\combination_of_else_and_if.vcxproj", "{F2591604-3CEC-41B6-8E07-73C6DBA6B5EB}"
EndProject
Project("{8BC9CEB8-8B4A-11D0-8D11-00A0C91BC942}") = "prime_number_judgment_example", "prime_number_judgment_example\prime_number_judgment_example.vcxproj", "{BB6EBA15-96D1-4EC4-ACE3-A98746F83134}"
EndProject
Project("{8BC9CEB8-8B4A-11D0-8D11-00A0C91BC942}") = "logical_operators", "logical_operators\logical_operators.vcxproj", "{1E7714D0-E51C-4F8F-B15B-89E8E293184D}"
EndProject
Project("{8BC9CEB8-8B4A-11D0-8D11-00A0C91BC942}") = "count_word", "count_word\count_word.vcxproj", "{014D85C0-95F9-42C7-BF9C-B84E019078AD}"
EndProject
Project("{8BC9CEB8-8B4A-11D0-8D11-00A0C91BC942}") = "conditional_operator", "conditional_operator\conditional_operator.vcxproj", "{21923E16-4B04-442C-9572-40F76784883A}"
EndProject
Project("{8BC9CEB8-8B4A-11D0-8D11-00A0C91BC942}") = "continue_and_break", "continue_and_break\continue_and_break.vcxproj", "{5C128FF3-B415-42F9-BDDF-BFB9B4A1C592}"
EndProject
Project("{8BC9CEB8-8B4A-11D0-8D11-00A0C91BC942}") = "maximum_minimum_average_example", "maximum_minimum_average_example\maximum_minimum_average_example.vcxproj", "{F41F437A-0CDF-4E4F-A125-9982287DFBF7}"
EndProject
Project("{8BC9CEB8-8B4A-11D0-8D11-00A0C91BC942}") = "switch_and_case", "switch_and_break\switch_and_break.vcxproj", "{87D1C157-CD37-4093-A047-7E5D366231F9}"
EndProject
Project("{8BC9CEB8-8B4A-11D0-8D11-00A0C91BC942}") = "how_to_avoid_goto", "how_to_avoid_goto\how_to_avoid_goto.vcxproj", "{B55C1AC7-E33A-4FE4-9CF1-48ACDE6B602B}"
EndProject
Project("{8BC9CEB8-8B4A-11D0-8D11-00A0C91BC942}") = "input_output_buffer", "input_output_buffer\input_output_buffer.vcxproj", "{C9F65BA8-0D43-4FF3-953A-C2F4570FA224}"
EndProject
Project("{8BC9CEB8-8B4A-11D0-8D11-00A0C91BC942}") = "end_of_file_(EOF)", "end_of_file_(EOF)\end_of_file_(EOF).vcxproj", "{04CDBBA5-329B-4CE4-A0EE-F75A0E1AACF0}"
EndProject
Project("{8BC9CEB8-8B4A-11D0-8D11-00A0C91BC942}") = "redirection_of_input_and_output", "redirection_of_input_and_output\redirection_of_input_and_output.vcxproj", "{B9C298E1-FB98-450B-B507-42A99A667759}"
EndProject
Project("{8BC9CEB8-8B4A-11D0-8D11-00A0C91BC942}") = "friendly_user_interface", "friendly_user_interface\friendly_user_interface.vcxproj", "{8043BF04-7EE0-4350-BF7B-650E29B6AF20}"
EndProject
Project("{8BC9CEB8-8B4A-11D0-8D11-00A0C91BC942}") = "input_character_and_number", "input_character_and_number\input_character_and_number.vcxproj", "{30276D30-B408-4E97-ADC0-00681BE9A6C2}"
EndProject
Project("{8BC9CEB8-8B4A-11D0-8D11-00A0C91BC942}") = "confirm_input", "confirm_input\confirm_input.vcxproj", "{7C7C0932-A837-49B7-9099-7A8507AFD3E5}"
EndProject
Project("{8BC9CEB8-8B4A-11D0-8D11-00A0C91BC942}") = "input_stream_and_number", "input_stream_and_number\input_stream_and_number.vcxproj", "{7AD21CF3-AFFE-4A2D-BEBD-5CC1878384B0}"
EndProject
Project("{8BC9CEB8-8B4A-11D0-8D11-00A0C91BC942}") = "making_menu", "making_menu\making_menu.vcxproj", "{FA44EB5B-AD20-4AB5-85F9-ED9CEE7DA98A}"
EndProject
Project("{8BC9CEB8-8B4A-11D0-8D11-00A0C91BC942}") = "read_text_file", "read_text_file\read_text_file.vcxproj", "{A03D5AAA-1D41-4ECF-B137-1F7B03F2745D}"
EndProject
Project("{8BC9CEB8-8B4A-11D0-8D11-00A0C91BC942}") = "when_you_need_function", "when_you_need_function\when_you_need_function.vcxproj", "{4476F5E2-C7CC-4C8B-84DC-F3D72CC9289B}"
EndProject
Project("{8BC9CEB8-8B4A-11D0-8D11-00A0C91BC942}") = "prototype_of_function", "prototype_of_function\prototype_of_function.vcxproj", "{E208ED15-3C0C-464B-B74B-012E5AD57F38}"
EndProject
Project("{8BC9CEB8-8B4A-11D0-8D11-00A0C91BC942}") = "type_and_return_of_function", "type_and_return_of_function\type_and_return_of_function.vcxproj", "{7CF3CC46-F9BC-456D-BC0E-ABE10704E60A}"
EndProject
Project("{8BC9CEB8-8B4A-11D0-8D11-00A0C91BC942}") = "local_variables_and_scope_of_variables", "local_variables_and_area_of_variables\local_variables_and_area_of_variables.vcxproj", "{FC06703E-3FFA-449D-A1C1-7FC30B4F5E02}"
EndProject
Project("{8BC9CEB8-8B4A-11D0-8D11-00A0C91BC942}") = "recursion", "recursion\recursion.vcxproj", "{C15B3CF6-7DAC-45FC-A21A-BB168ACBC118}"
EndProject
Project("{8BC9CEB8-8B4A-11D0-8D11-00A0C91BC942}") = "factorial_example", "factorial_example\factorial_example.vcxproj", "{BF155315-994C-4DF2-9DFF-2974E8B3C9D4}"
EndProject
Project("{8BC9CEB8-8B4A-11D0-8D11-00A0C91BC942}") = "binary_conversion_example", "binary_conversion_example\binary_conversion_example.vcxproj", "{C6EDBCA9-5693-4104-90A5-608C415B9C95}"
EndProject
Project("{8BC9CEB8-8B4A-11D0-8D11-00A0C91BC942}") = "fibonacci_example", "fibonacci_example\fibonacci_example.vcxproj", "{0ED07F63-8C72-45FF-8280-747CE03EB883}"
EndProject
Project("{8BC9CEB8-8B4A-11D0-8D11-00A0C91BC942}") = "make_header_file", "make_header_file\make_header_file.vcxproj", "{56B43661-83BB-49AD-AC15-104F7EC12B8A}"
EndProject
Project("{8BC9CEB8-8B4A-11D0-8D11-00A0C91BC942}") = "basic_usage_of_pointer", "basic_usage_of_pointer\basic_usage_of_pointer.vcxproj", "{CD3910BF-FF37-480A-B823-BBD1459A6B8B}"
EndProject
Project("{8BC9CEB8-8B4A-11D0-8D11-00A0C91BC942}") = "null_pointer_and_runtime_error", "null_pointer_and_runtime_error\null_pointer_and_runtime_error.vcxproj", "{CB50A32F-48EE-4A35-AA84-D4CF464283AB}"
EndProject
Project("{8BC9CEB8-8B4A-11D0-8D11-00A0C91BC942}") = "size_of_pointer_variables", "size_of_pointer_variables\size_of_pointer_variables.vcxproj", "{40A52B84-FB25-4439-B93B-93E9DB61B614}"
EndProject
Project("{8BC9CEB8-8B4A-11D0-8D11-00A0C91BC942}") = "pointer_type_parameter", "pointer_type_parameter\pointer_type_parameter.vcxproj", "{BEE371ED-A5CF-4887-B191-F49633A3CF99}"
EndProject
Project("{8BC9CEB8-8B4A-11D0-8D11-00A0C91BC942}") = "basic_usage_of_array", "basic_usage_of_array\basic_usage_of_array.vcxproj", "{39AB43F0-CBC5-443C-9C61-1FE675DA442E}"
EndProject
Project("{8BC9CEB8-8B4A-11D0-8D11-00A0C91BC942}") = "pointer_arithmetic", "pointer_arithmetic\pointer_arithmetic.vcxproj", "{1D1B802A-5CAE-49A1-A537-82A134140AE5}"
EndProject
Project("{8BC9CEB8-8B4A-11D0-8D11-00A0C91BC942}") = "pointer_and_array", "pointer_and_array\pointer_and_array.vcxproj", "{60EA4FB2-0C7C-4A13-9FF7-733ECE1EA794}"
EndProject
Project("{8BC9CEB8-8B4A-11D0-8D11-00A0C91BC942}") = "2-D_array_and_memory", "2-D_array_and_memory\2-D_array_and_memory.vcxproj", "{217F1FAB-E2FC-4F80-9EE9-90E49AA467D1}"
EndProject
Project("{8BC9CEB8-8B4A-11D0-8D11-00A0C91BC942}") = "2-D_array_example", "2-D_array_example\2-D_array_example.vcxproj", "{4B56D0B0-A223-4230-82C7-26488A9791D5}"
EndProject
Global
	GlobalSection(SolutionConfigurationPlatforms) = preSolution
		Debug|x64 = Debug|x64
		Debug|x86 = Debug|x86
		Release|x64 = Release|x64
		Release|x86 = Release|x86
	EndGlobalSection
	GlobalSection(ProjectConfigurationPlatforms) = postSolution
		{14004951-3C04-4784-A325-A74DB1B9436B}.Debug|x64.ActiveCfg = Debug|x64
		{14004951-3C04-4784-A325-A74DB1B9436B}.Debug|x64.Build.0 = Debug|x64
		{14004951-3C04-4784-A325-A74DB1B9436B}.Debug|x86.ActiveCfg = Debug|Win32
		{14004951-3C04-4784-A325-A74DB1B9436B}.Debug|x86.Build.0 = Debug|Win32
		{14004951-3C04-4784-A325-A74DB1B9436B}.Release|x64.ActiveCfg = Release|x64
		{14004951-3C04-4784-A325-A74DB1B9436B}.Release|x64.Build.0 = Release|x64
		{14004951-3C04-4784-A325-A74DB1B9436B}.Release|x86.ActiveCfg = Release|Win32
		{14004951-3C04-4784-A325-A74DB1B9436B}.Release|x86.Build.0 = Release|Win32
		{EF489A93-AFAF-4E23-850C-08072E3B54E6}.Debug|x64.ActiveCfg = Debug|x64
		{EF489A93-AFAF-4E23-850C-08072E3B54E6}.Debug|x64.Build.0 = Debug|x64
		{EF489A93-AFAF-4E23-850C-08072E3B54E6}.Debug|x86.ActiveCfg = Debug|Win32
		{EF489A93-AFAF-4E23-850C-08072E3B54E6}.Debug|x86.Build.0 = Debug|Win32
		{EF489A93-AFAF-4E23-850C-08072E3B54E6}.Release|x64.ActiveCfg = Release|x64
		{EF489A93-AFAF-4E23-850C-08072E3B54E6}.Release|x64.Build.0 = Release|x64
		{EF489A93-AFAF-4E23-850C-08072E3B54E6}.Release|x86.ActiveCfg = Release|Win32
		{EF489A93-AFAF-4E23-850C-08072E3B54E6}.Release|x86.Build.0 = Release|Win32
		{B8BFD43B-3465-49AA-A2D8-F0D1057833D0}.Debug|x64.ActiveCfg = Debug|x64
		{B8BFD43B-3465-49AA-A2D8-F0D1057833D0}.Debug|x64.Build.0 = Debug|x64
		{B8BFD43B-3465-49AA-A2D8-F0D1057833D0}.Debug|x86.ActiveCfg = Debug|Win32
		{B8BFD43B-3465-49AA-A2D8-F0D1057833D0}.Debug|x86.Build.0 = Debug|Win32
		{B8BFD43B-3465-49AA-A2D8-F0D1057833D0}.Release|x64.ActiveCfg = Release|x64
		{B8BFD43B-3465-49AA-A2D8-F0D1057833D0}.Release|x64.Build.0 = Release|x64
		{B8BFD43B-3465-49AA-A2D8-F0D1057833D0}.Release|x86.ActiveCfg = Release|Win32
		{B8BFD43B-3465-49AA-A2D8-F0D1057833D0}.Release|x86.Build.0 = Release|Win32
		{2931D106-39A6-48F4-901D-6C284A25772B}.Debug|x64.ActiveCfg = Debug|x64
		{2931D106-39A6-48F4-901D-6C284A25772B}.Debug|x64.Build.0 = Debug|x64
		{2931D106-39A6-48F4-901D-6C284A25772B}.Debug|x86.ActiveCfg = Debug|Win32
		{2931D106-39A6-48F4-901D-6C284A25772B}.Debug|x86.Build.0 = Debug|Win32
		{2931D106-39A6-48F4-901D-6C284A25772B}.Release|x64.ActiveCfg = Release|x64
		{2931D106-39A6-48F4-901D-6C284A25772B}.Release|x64.Build.0 = Release|x64
		{2931D106-39A6-48F4-901D-6C284A25772B}.Release|x86.ActiveCfg = Release|Win32
		{2931D106-39A6-48F4-901D-6C284A25772B}.Release|x86.Build.0 = Release|Win32
		{93A885D0-350B-4BE9-AC0E-AFCAECFA6019}.Debug|x64.ActiveCfg = Debug|x64
		{93A885D0-350B-4BE9-AC0E-AFCAECFA6019}.Debug|x64.Build.0 = Debug|x64
		{93A885D0-350B-4BE9-AC0E-AFCAECFA6019}.Debug|x86.ActiveCfg = Debug|Win32
		{93A885D0-350B-4BE9-AC0E-AFCAECFA6019}.Debug|x86.Build.0 = Debug|Win32
		{93A885D0-350B-4BE9-AC0E-AFCAECFA6019}.Release|x64.ActiveCfg = Release|x64
		{93A885D0-350B-4BE9-AC0E-AFCAECFA6019}.Release|x64.Build.0 = Release|x64
		{93A885D0-350B-4BE9-AC0E-AFCAECFA6019}.Release|x86.ActiveCfg = Release|Win32
		{93A885D0-350B-4BE9-AC0E-AFCAECFA6019}.Release|x86.Build.0 = Release|Win32
		{9775ACFF-BD95-49C2-9F94-D9C79F2BDA52}.Debug|x64.ActiveCfg = Debug|x64
		{9775ACFF-BD95-49C2-9F94-D9C79F2BDA52}.Debug|x64.Build.0 = Debug|x64
		{9775ACFF-BD95-49C2-9F94-D9C79F2BDA52}.Debug|x86.ActiveCfg = Debug|Win32
		{9775ACFF-BD95-49C2-9F94-D9C79F2BDA52}.Debug|x86.Build.0 = Debug|Win32
		{9775ACFF-BD95-49C2-9F94-D9C79F2BDA52}.Release|x64.ActiveCfg = Release|x64
		{9775ACFF-BD95-49C2-9F94-D9C79F2BDA52}.Release|x64.Build.0 = Release|x64
		{9775ACFF-BD95-49C2-9F94-D9C79F2BDA52}.Release|x86.ActiveCfg = Release|Win32
		{9775ACFF-BD95-49C2-9F94-D9C79F2BDA52}.Release|x86.Build.0 = Release|Win32
		{6B7F71C4-9BFA-4896-98FB-6C02DAB9E8AA}.Debug|x64.ActiveCfg = Debug|x64
		{6B7F71C4-9BFA-4896-98FB-6C02DAB9E8AA}.Debug|x64.Build.0 = Debug|x64
		{6B7F71C4-9BFA-4896-98FB-6C02DAB9E8AA}.Debug|x86.ActiveCfg = Debug|Win32
		{6B7F71C4-9BFA-4896-98FB-6C02DAB9E8AA}.Debug|x86.Build.0 = Debug|Win32
		{6B7F71C4-9BFA-4896-98FB-6C02DAB9E8AA}.Release|x64.ActiveCfg = Release|x64
		{6B7F71C4-9BFA-4896-98FB-6C02DAB9E8AA}.Release|x64.Build.0 = Release|x64
		{6B7F71C4-9BFA-4896-98FB-6C02DAB9E8AA}.Release|x86.ActiveCfg = Release|Win32
		{6B7F71C4-9BFA-4896-98FB-6C02DAB9E8AA}.Release|x86.Build.0 = Release|Win32
		{8CE3918C-EC4B-45D7-ABEA-83F85D32D84C}.Debug|x64.ActiveCfg = Debug|x64
		{8CE3918C-EC4B-45D7-ABEA-83F85D32D84C}.Debug|x64.Build.0 = Debug|x64
		{8CE3918C-EC4B-45D7-ABEA-83F85D32D84C}.Debug|x86.ActiveCfg = Debug|Win32
		{8CE3918C-EC4B-45D7-ABEA-83F85D32D84C}.Debug|x86.Build.0 = Debug|Win32
		{8CE3918C-EC4B-45D7-ABEA-83F85D32D84C}.Release|x64.ActiveCfg = Release|x64
		{8CE3918C-EC4B-45D7-ABEA-83F85D32D84C}.Release|x64.Build.0 = Release|x64
		{8CE3918C-EC4B-45D7-ABEA-83F85D32D84C}.Release|x86.ActiveCfg = Release|Win32
		{8CE3918C-EC4B-45D7-ABEA-83F85D32D84C}.Release|x86.Build.0 = Release|Win32
		{D9196DEF-C30D-487E-8158-A810E0819F4F}.Debug|x64.ActiveCfg = Debug|x64
		{D9196DEF-C30D-487E-8158-A810E0819F4F}.Debug|x64.Build.0 = Debug|x64
		{D9196DEF-C30D-487E-8158-A810E0819F4F}.Debug|x86.ActiveCfg = Debug|Win32
		{D9196DEF-C30D-487E-8158-A810E0819F4F}.Debug|x86.Build.0 = Debug|Win32
		{D9196DEF-C30D-487E-8158-A810E0819F4F}.Release|x64.ActiveCfg = Release|x64
		{D9196DEF-C30D-487E-8158-A810E0819F4F}.Release|x64.Build.0 = Release|x64
		{D9196DEF-C30D-487E-8158-A810E0819F4F}.Release|x86.ActiveCfg = Release|Win32
		{D9196DEF-C30D-487E-8158-A810E0819F4F}.Release|x86.Build.0 = Release|Win32
		{B942D4DB-12FA-4726-89F1-3F493FB8EA6A}.Debug|x64.ActiveCfg = Debug|x64
		{B942D4DB-12FA-4726-89F1-3F493FB8EA6A}.Debug|x64.Build.0 = Debug|x64
		{B942D4DB-12FA-4726-89F1-3F493FB8EA6A}.Debug|x86.ActiveCfg = Debug|Win32
		{B942D4DB-12FA-4726-89F1-3F493FB8EA6A}.Debug|x86.Build.0 = Debug|Win32
		{B942D4DB-12FA-4726-89F1-3F493FB8EA6A}.Release|x64.ActiveCfg = Release|x64
		{B942D4DB-12FA-4726-89F1-3F493FB8EA6A}.Release|x64.Build.0 = Release|x64
		{B942D4DB-12FA-4726-89F1-3F493FB8EA6A}.Release|x86.ActiveCfg = Release|Win32
		{B942D4DB-12FA-4726-89F1-3F493FB8EA6A}.Release|x86.Build.0 = Release|Win32
		{72E983F1-D724-44F5-83AC-6B9B8D6ED7B1}.Debug|x64.ActiveCfg = Debug|x64
		{72E983F1-D724-44F5-83AC-6B9B8D6ED7B1}.Debug|x64.Build.0 = Debug|x64
		{72E983F1-D724-44F5-83AC-6B9B8D6ED7B1}.Debug|x86.ActiveCfg = Debug|Win32
		{72E983F1-D724-44F5-83AC-6B9B8D6ED7B1}.Debug|x86.Build.0 = Debug|Win32
		{72E983F1-D724-44F5-83AC-6B9B8D6ED7B1}.Release|x64.ActiveCfg = Release|x64
		{72E983F1-D724-44F5-83AC-6B9B8D6ED7B1}.Release|x64.Build.0 = Release|x64
		{72E983F1-D724-44F5-83AC-6B9B8D6ED7B1}.Release|x86.ActiveCfg = Release|Win32
		{72E983F1-D724-44F5-83AC-6B9B8D6ED7B1}.Release|x86.Build.0 = Release|Win32
		{685934C3-12B9-40DA-B66D-D01AED5A1852}.Debug|x64.ActiveCfg = Debug|x64
		{685934C3-12B9-40DA-B66D-D01AED5A1852}.Debug|x64.Build.0 = Debug|x64
		{685934C3-12B9-40DA-B66D-D01AED5A1852}.Debug|x86.ActiveCfg = Debug|Win32
		{685934C3-12B9-40DA-B66D-D01AED5A1852}.Debug|x86.Build.0 = Debug|Win32
		{685934C3-12B9-40DA-B66D-D01AED5A1852}.Release|x64.ActiveCfg = Release|x64
		{685934C3-12B9-40DA-B66D-D01AED5A1852}.Release|x64.Build.0 = Release|x64
		{685934C3-12B9-40DA-B66D-D01AED5A1852}.Release|x86.ActiveCfg = Release|Win32
		{685934C3-12B9-40DA-B66D-D01AED5A1852}.Release|x86.Build.0 = Release|Win32
		{687B9D72-CD27-44C2-822B-36F8AD8584AA}.Debug|x64.ActiveCfg = Debug|x64
		{687B9D72-CD27-44C2-822B-36F8AD8584AA}.Debug|x64.Build.0 = Debug|x64
		{687B9D72-CD27-44C2-822B-36F8AD8584AA}.Debug|x86.ActiveCfg = Debug|Win32
		{687B9D72-CD27-44C2-822B-36F8AD8584AA}.Debug|x86.Build.0 = Debug|Win32
		{687B9D72-CD27-44C2-822B-36F8AD8584AA}.Release|x64.ActiveCfg = Release|x64
		{687B9D72-CD27-44C2-822B-36F8AD8584AA}.Release|x64.Build.0 = Release|x64
		{687B9D72-CD27-44C2-822B-36F8AD8584AA}.Release|x86.ActiveCfg = Release|Win32
		{687B9D72-CD27-44C2-822B-36F8AD8584AA}.Release|x86.Build.0 = Release|Win32
		{2D618400-9FEF-4A3B-8028-6B3E26F2AEF1}.Debug|x64.ActiveCfg = Debug|x64
		{2D618400-9FEF-4A3B-8028-6B3E26F2AEF1}.Debug|x64.Build.0 = Debug|x64
		{2D618400-9FEF-4A3B-8028-6B3E26F2AEF1}.Debug|x86.ActiveCfg = Debug|Win32
		{2D618400-9FEF-4A3B-8028-6B3E26F2AEF1}.Debug|x86.Build.0 = Debug|Win32
		{2D618400-9FEF-4A3B-8028-6B3E26F2AEF1}.Release|x64.ActiveCfg = Release|x64
		{2D618400-9FEF-4A3B-8028-6B3E26F2AEF1}.Release|x64.Build.0 = Release|x64
		{2D618400-9FEF-4A3B-8028-6B3E26F2AEF1}.Release|x86.ActiveCfg = Release|Win32
		{2D618400-9FEF-4A3B-8028-6B3E26F2AEF1}.Release|x86.Build.0 = Release|Win32
		{891E3C5A-CF19-40E9-A529-7A9306AD9A81}.Debug|x64.ActiveCfg = Debug|x64
		{891E3C5A-CF19-40E9-A529-7A9306AD9A81}.Debug|x64.Build.0 = Debug|x64
		{891E3C5A-CF19-40E9-A529-7A9306AD9A81}.Debug|x86.ActiveCfg = Debug|Win32
		{891E3C5A-CF19-40E9-A529-7A9306AD9A81}.Debug|x86.Build.0 = Debug|Win32
		{891E3C5A-CF19-40E9-A529-7A9306AD9A81}.Release|x64.ActiveCfg = Release|x64
		{891E3C5A-CF19-40E9-A529-7A9306AD9A81}.Release|x64.Build.0 = Release|x64
		{891E3C5A-CF19-40E9-A529-7A9306AD9A81}.Release|x86.ActiveCfg = Release|Win32
		{891E3C5A-CF19-40E9-A529-7A9306AD9A81}.Release|x86.Build.0 = Release|Win32
		{96877BD2-1FEE-447E-B5E5-1809D47C349F}.Debug|x64.ActiveCfg = Debug|x64
		{96877BD2-1FEE-447E-B5E5-1809D47C349F}.Debug|x64.Build.0 = Debug|x64
		{96877BD2-1FEE-447E-B5E5-1809D47C349F}.Debug|x86.ActiveCfg = Debug|Win32
		{96877BD2-1FEE-447E-B5E5-1809D47C349F}.Debug|x86.Build.0 = Debug|Win32
		{96877BD2-1FEE-447E-B5E5-1809D47C349F}.Release|x64.ActiveCfg = Release|x64
		{96877BD2-1FEE-447E-B5E5-1809D47C349F}.Release|x64.Build.0 = Release|x64
		{96877BD2-1FEE-447E-B5E5-1809D47C349F}.Release|x86.ActiveCfg = Release|Win32
		{96877BD2-1FEE-447E-B5E5-1809D47C349F}.Release|x86.Build.0 = Release|Win32
		{9C7CC972-714D-4406-A2A9-1D67A9FDC5F3}.Debug|x64.ActiveCfg = Debug|x64
		{9C7CC972-714D-4406-A2A9-1D67A9FDC5F3}.Debug|x64.Build.0 = Debug|x64
		{9C7CC972-714D-4406-A2A9-1D67A9FDC5F3}.Debug|x86.ActiveCfg = Debug|Win32
		{9C7CC972-714D-4406-A2A9-1D67A9FDC5F3}.Debug|x86.Build.0 = Debug|Win32
		{9C7CC972-714D-4406-A2A9-1D67A9FDC5F3}.Release|x64.ActiveCfg = Release|x64
		{9C7CC972-714D-4406-A2A9-1D67A9FDC5F3}.Release|x64.Build.0 = Release|x64
		{9C7CC972-714D-4406-A2A9-1D67A9FDC5F3}.Release|x86.ActiveCfg = Release|Win32
		{9C7CC972-714D-4406-A2A9-1D67A9FDC5F3}.Release|x86.Build.0 = Release|Win32
		{E7EC367B-8518-4178-B600-AD0574451636}.Debug|x64.ActiveCfg = Debug|x64
		{E7EC367B-8518-4178-B600-AD0574451636}.Debug|x64.Build.0 = Debug|x64
		{E7EC367B-8518-4178-B600-AD0574451636}.Debug|x86.ActiveCfg = Debug|Win32
		{E7EC367B-8518-4178-B600-AD0574451636}.Debug|x86.Build.0 = Debug|Win32
		{E7EC367B-8518-4178-B600-AD0574451636}.Release|x64.ActiveCfg = Release|x64
		{E7EC367B-8518-4178-B600-AD0574451636}.Release|x64.Build.0 = Release|x64
		{E7EC367B-8518-4178-B600-AD0574451636}.Release|x86.ActiveCfg = Release|Win32
		{E7EC367B-8518-4178-B600-AD0574451636}.Release|x86.Build.0 = Release|Win32
		{F491993A-C474-4C54-B8EA-A0B5E937A3BA}.Debug|x64.ActiveCfg = Debug|x64
		{F491993A-C474-4C54-B8EA-A0B5E937A3BA}.Debug|x64.Build.0 = Debug|x64
		{F491993A-C474-4C54-B8EA-A0B5E937A3BA}.Debug|x86.ActiveCfg = Debug|Win32
		{F491993A-C474-4C54-B8EA-A0B5E937A3BA}.Debug|x86.Build.0 = Debug|Win32
		{F491993A-C474-4C54-B8EA-A0B5E937A3BA}.Release|x64.ActiveCfg = Release|x64
		{F491993A-C474-4C54-B8EA-A0B5E937A3BA}.Release|x64.Build.0 = Release|x64
		{F491993A-C474-4C54-B8EA-A0B5E937A3BA}.Release|x86.ActiveCfg = Release|Win32
		{F491993A-C474-4C54-B8EA-A0B5E937A3BA}.Release|x86.Build.0 = Release|Win32
		{03DAAF91-E441-4D12-AD79-AD7746B84431}.Debug|x64.ActiveCfg = Debug|x64
		{03DAAF91-E441-4D12-AD79-AD7746B84431}.Debug|x64.Build.0 = Debug|x64
		{03DAAF91-E441-4D12-AD79-AD7746B84431}.Debug|x86.ActiveCfg = Debug|Win32
		{03DAAF91-E441-4D12-AD79-AD7746B84431}.Debug|x86.Build.0 = Debug|Win32
		{03DAAF91-E441-4D12-AD79-AD7746B84431}.Release|x64.ActiveCfg = Release|x64
		{03DAAF91-E441-4D12-AD79-AD7746B84431}.Release|x64.Build.0 = Release|x64
		{03DAAF91-E441-4D12-AD79-AD7746B84431}.Release|x86.ActiveCfg = Release|Win32
		{03DAAF91-E441-4D12-AD79-AD7746B84431}.Release|x86.Build.0 = Release|Win32
		{487355CA-B4A3-4878-9560-C9A5699F8048}.Debug|x64.ActiveCfg = Debug|x64
		{487355CA-B4A3-4878-9560-C9A5699F8048}.Debug|x64.Build.0 = Debug|x64
		{487355CA-B4A3-4878-9560-C9A5699F8048}.Debug|x86.ActiveCfg = Debug|Win32
		{487355CA-B4A3-4878-9560-C9A5699F8048}.Debug|x86.Build.0 = Debug|Win32
		{487355CA-B4A3-4878-9560-C9A5699F8048}.Release|x64.ActiveCfg = Release|x64
		{487355CA-B4A3-4878-9560-C9A5699F8048}.Release|x64.Build.0 = Release|x64
		{487355CA-B4A3-4878-9560-C9A5699F8048}.Release|x86.ActiveCfg = Release|Win32
		{487355CA-B4A3-4878-9560-C9A5699F8048}.Release|x86.Build.0 = Release|Win32
		{79CFCEE0-3CEC-42F3-9380-794819FF17D2}.Debug|x64.ActiveCfg = Debug|x64
		{79CFCEE0-3CEC-42F3-9380-794819FF17D2}.Debug|x64.Build.0 = Debug|x64
		{79CFCEE0-3CEC-42F3-9380-794819FF17D2}.Debug|x86.ActiveCfg = Debug|Win32
		{79CFCEE0-3CEC-42F3-9380-794819FF17D2}.Debug|x86.Build.0 = Debug|Win32
		{79CFCEE0-3CEC-42F3-9380-794819FF17D2}.Release|x64.ActiveCfg = Release|x64
		{79CFCEE0-3CEC-42F3-9380-794819FF17D2}.Release|x64.Build.0 = Release|x64
		{79CFCEE0-3CEC-42F3-9380-794819FF17D2}.Release|x86.ActiveCfg = Release|Win32
		{79CFCEE0-3CEC-42F3-9380-794819FF17D2}.Release|x86.Build.0 = Release|Win32
		{E10BA439-9D5E-454E-8B46-BC24D06BEB98}.Debug|x64.ActiveCfg = Debug|x64
		{E10BA439-9D5E-454E-8B46-BC24D06BEB98}.Debug|x64.Build.0 = Debug|x64
		{E10BA439-9D5E-454E-8B46-BC24D06BEB98}.Debug|x86.ActiveCfg = Debug|Win32
		{E10BA439-9D5E-454E-8B46-BC24D06BEB98}.Debug|x86.Build.0 = Debug|Win32
		{E10BA439-9D5E-454E-8B46-BC24D06BEB98}.Release|x64.ActiveCfg = Release|x64
		{E10BA439-9D5E-454E-8B46-BC24D06BEB98}.Release|x64.Build.0 = Release|x64
		{E10BA439-9D5E-454E-8B46-BC24D06BEB98}.Release|x86.ActiveCfg = Release|Win32
		{E10BA439-9D5E-454E-8B46-BC24D06BEB98}.Release|x86.Build.0 = Release|Win32
		{99C1CD35-DD8F-498E-AED0-EBD8D50F021F}.Debug|x64.ActiveCfg = Debug|x64
		{99C1CD35-DD8F-498E-AED0-EBD8D50F021F}.Debug|x64.Build.0 = Debug|x64
		{99C1CD35-DD8F-498E-AED0-EBD8D50F021F}.Debug|x86.ActiveCfg = Debug|Win32
		{99C1CD35-DD8F-498E-AED0-EBD8D50F021F}.Debug|x86.Build.0 = Debug|Win32
		{99C1CD35-DD8F-498E-AED0-EBD8D50F021F}.Release|x64.ActiveCfg = Release|x64
		{99C1CD35-DD8F-498E-AED0-EBD8D50F021F}.Release|x64.Build.0 = Release|x64
		{99C1CD35-DD8F-498E-AED0-EBD8D50F021F}.Release|x86.ActiveCfg = Release|Win32
		{99C1CD35-DD8F-498E-AED0-EBD8D50F021F}.Release|x86.Build.0 = Release|Win32
		{59375BD6-5572-41CF-89EA-C2770F0AB7AF}.Debug|x64.ActiveCfg = Debug|x64
		{59375BD6-5572-41CF-89EA-C2770F0AB7AF}.Debug|x64.Build.0 = Debug|x64
		{59375BD6-5572-41CF-89EA-C2770F0AB7AF}.Debug|x86.ActiveCfg = Debug|Win32
		{59375BD6-5572-41CF-89EA-C2770F0AB7AF}.Debug|x86.Build.0 = Debug|Win32
		{59375BD6-5572-41CF-89EA-C2770F0AB7AF}.Release|x64.ActiveCfg = Release|x64
		{59375BD6-5572-41CF-89EA-C2770F0AB7AF}.Release|x64.Build.0 = Release|x64
		{59375BD6-5572-41CF-89EA-C2770F0AB7AF}.Release|x86.ActiveCfg = Release|Win32
		{59375BD6-5572-41CF-89EA-C2770F0AB7AF}.Release|x86.Build.0 = Release|Win32
		{B7BB55B1-9F49-4B68-BB7C-CD4F7A2953C1}.Debug|x64.ActiveCfg = Debug|x64
		{B7BB55B1-9F49-4B68-BB7C-CD4F7A2953C1}.Debug|x64.Build.0 = Debug|x64
		{B7BB55B1-9F49-4B68-BB7C-CD4F7A2953C1}.Debug|x86.ActiveCfg = Debug|Win32
		{B7BB55B1-9F49-4B68-BB7C-CD4F7A2953C1}.Debug|x86.Build.0 = Debug|Win32
		{B7BB55B1-9F49-4B68-BB7C-CD4F7A2953C1}.Release|x64.ActiveCfg = Release|x64
		{B7BB55B1-9F49-4B68-BB7C-CD4F7A2953C1}.Release|x64.Build.0 = Release|x64
		{B7BB55B1-9F49-4B68-BB7C-CD4F7A2953C1}.Release|x86.ActiveCfg = Release|Win32
		{B7BB55B1-9F49-4B68-BB7C-CD4F7A2953C1}.Release|x86.Build.0 = Release|Win32
		{9F0144AE-0952-4460-9BBD-54AEE770BEDA}.Debug|x64.ActiveCfg = Debug|x64
		{9F0144AE-0952-4460-9BBD-54AEE770BEDA}.Debug|x64.Build.0 = Debug|x64
		{9F0144AE-0952-4460-9BBD-54AEE770BEDA}.Debug|x86.ActiveCfg = Debug|Win32
		{9F0144AE-0952-4460-9BBD-54AEE770BEDA}.Debug|x86.Build.0 = Debug|Win32
		{9F0144AE-0952-4460-9BBD-54AEE770BEDA}.Release|x64.ActiveCfg = Release|x64
		{9F0144AE-0952-4460-9BBD-54AEE770BEDA}.Release|x64.Build.0 = Release|x64
		{9F0144AE-0952-4460-9BBD-54AEE770BEDA}.Release|x86.ActiveCfg = Release|Win32
		{9F0144AE-0952-4460-9BBD-54AEE770BEDA}.Release|x86.Build.0 = Release|Win32
		{80F51DCA-0BC6-4028-A3F6-CFF24818F00D}.Debug|x64.ActiveCfg = Debug|x64
		{80F51DCA-0BC6-4028-A3F6-CFF24818F00D}.Debug|x64.Build.0 = Debug|x64
		{80F51DCA-0BC6-4028-A3F6-CFF24818F00D}.Debug|x86.ActiveCfg = Debug|Win32
		{80F51DCA-0BC6-4028-A3F6-CFF24818F00D}.Debug|x86.Build.0 = Debug|Win32
		{80F51DCA-0BC6-4028-A3F6-CFF24818F00D}.Release|x64.ActiveCfg = Release|x64
		{80F51DCA-0BC6-4028-A3F6-CFF24818F00D}.Release|x64.Build.0 = Release|x64
		{80F51DCA-0BC6-4028-A3F6-CFF24818F00D}.Release|x86.ActiveCfg = Release|Win32
		{80F51DCA-0BC6-4028-A3F6-CFF24818F00D}.Release|x86.Build.0 = Release|Win32
		{95085668-39FC-4EA4-A9ED-6D4517F8986B}.Debug|x64.ActiveCfg = Debug|x64
		{95085668-39FC-4EA4-A9ED-6D4517F8986B}.Debug|x64.Build.0 = Debug|x64
		{95085668-39FC-4EA4-A9ED-6D4517F8986B}.Debug|x86.ActiveCfg = Debug|Win32
		{95085668-39FC-4EA4-A9ED-6D4517F8986B}.Debug|x86.Build.0 = Debug|Win32
		{95085668-39FC-4EA4-A9ED-6D4517F8986B}.Release|x64.ActiveCfg = Release|x64
		{95085668-39FC-4EA4-A9ED-6D4517F8986B}.Release|x64.Build.0 = Release|x64
		{95085668-39FC-4EA4-A9ED-6D4517F8986B}.Release|x86.ActiveCfg = Release|Win32
		{95085668-39FC-4EA4-A9ED-6D4517F8986B}.Release|x86.Build.0 = Release|Win32
		{BDB37AA8-2254-4E0C-BAB5-607B6C1F3238}.Debug|x64.ActiveCfg = Debug|x64
		{BDB37AA8-2254-4E0C-BAB5-607B6C1F3238}.Debug|x64.Build.0 = Debug|x64
		{BDB37AA8-2254-4E0C-BAB5-607B6C1F3238}.Debug|x86.ActiveCfg = Debug|Win32
		{BDB37AA8-2254-4E0C-BAB5-607B6C1F3238}.Debug|x86.Build.0 = Debug|Win32
		{BDB37AA8-2254-4E0C-BAB5-607B6C1F3238}.Release|x64.ActiveCfg = Release|x64
		{BDB37AA8-2254-4E0C-BAB5-607B6C1F3238}.Release|x64.Build.0 = Release|x64
		{BDB37AA8-2254-4E0C-BAB5-607B6C1F3238}.Release|x86.ActiveCfg = Release|Win32
		{BDB37AA8-2254-4E0C-BAB5-607B6C1F3238}.Release|x86.Build.0 = Release|Win32
		{D6F5B720-5ED0-43E0-9A87-6127A733469D}.Debug|x64.ActiveCfg = Debug|x64
		{D6F5B720-5ED0-43E0-9A87-6127A733469D}.Debug|x64.Build.0 = Debug|x64
		{D6F5B720-5ED0-43E0-9A87-6127A733469D}.Debug|x86.ActiveCfg = Debug|Win32
		{D6F5B720-5ED0-43E0-9A87-6127A733469D}.Debug|x86.Build.0 = Debug|Win32
		{D6F5B720-5ED0-43E0-9A87-6127A733469D}.Release|x64.ActiveCfg = Release|x64
		{D6F5B720-5ED0-43E0-9A87-6127A733469D}.Release|x64.Build.0 = Release|x64
		{D6F5B720-5ED0-43E0-9A87-6127A733469D}.Release|x86.ActiveCfg = Release|Win32
		{D6F5B720-5ED0-43E0-9A87-6127A733469D}.Release|x86.Build.0 = Release|Win32
		{CB418950-50B8-46A8-B074-039A9C7B4801}.Debug|x64.ActiveCfg = Debug|x64
		{CB418950-50B8-46A8-B074-039A9C7B4801}.Debug|x64.Build.0 = Debug|x64
		{CB418950-50B8-46A8-B074-039A9C7B4801}.Debug|x86.ActiveCfg = Debug|Win32
		{CB418950-50B8-46A8-B074-039A9C7B4801}.Debug|x86.Build.0 = Debug|Win32
		{CB418950-50B8-46A8-B074-039A9C7B4801}.Release|x64.ActiveCfg = Release|x64
		{CB418950-50B8-46A8-B074-039A9C7B4801}.Release|x64.Build.0 = Release|x64
		{CB418950-50B8-46A8-B074-039A9C7B4801}.Release|x86.ActiveCfg = Release|Win32
		{CB418950-50B8-46A8-B074-039A9C7B4801}.Release|x86.Build.0 = Release|Win32
		{1D3D5C55-B842-4DB7-A69D-5D1565D710E3}.Debug|x64.ActiveCfg = Debug|x64
		{1D3D5C55-B842-4DB7-A69D-5D1565D710E3}.Debug|x64.Build.0 = Debug|x64
		{1D3D5C55-B842-4DB7-A69D-5D1565D710E3}.Debug|x86.ActiveCfg = Debug|Win32
		{1D3D5C55-B842-4DB7-A69D-5D1565D710E3}.Debug|x86.Build.0 = Debug|Win32
		{1D3D5C55-B842-4DB7-A69D-5D1565D710E3}.Release|x64.ActiveCfg = Release|x64
		{1D3D5C55-B842-4DB7-A69D-5D1565D710E3}.Release|x64.Build.0 = Release|x64
		{1D3D5C55-B842-4DB7-A69D-5D1565D710E3}.Release|x86.ActiveCfg = Release|Win32
		{1D3D5C55-B842-4DB7-A69D-5D1565D710E3}.Release|x86.Build.0 = Release|Win32
		{189B16BB-D9DF-43E1-93E1-81D9327D2D41}.Debug|x64.ActiveCfg = Debug|x64
		{189B16BB-D9DF-43E1-93E1-81D9327D2D41}.Debug|x64.Build.0 = Debug|x64
		{189B16BB-D9DF-43E1-93E1-81D9327D2D41}.Debug|x86.ActiveCfg = Debug|Win32
		{189B16BB-D9DF-43E1-93E1-81D9327D2D41}.Debug|x86.Build.0 = Debug|Win32
		{189B16BB-D9DF-43E1-93E1-81D9327D2D41}.Release|x64.ActiveCfg = Release|x64
		{189B16BB-D9DF-43E1-93E1-81D9327D2D41}.Release|x64.Build.0 = Release|x64
		{189B16BB-D9DF-43E1-93E1-81D9327D2D41}.Release|x86.ActiveCfg = Release|Win32
		{189B16BB-D9DF-43E1-93E1-81D9327D2D41}.Release|x86.Build.0 = Release|Win32
		{D0B3FDFA-57FA-4110-8D00-CE6CAF247B84}.Debug|x64.ActiveCfg = Debug|x64
		{D0B3FDFA-57FA-4110-8D00-CE6CAF247B84}.Debug|x64.Build.0 = Debug|x64
		{D0B3FDFA-57FA-4110-8D00-CE6CAF247B84}.Debug|x86.ActiveCfg = Debug|Win32
		{D0B3FDFA-57FA-4110-8D00-CE6CAF247B84}.Debug|x86.Build.0 = Debug|Win32
		{D0B3FDFA-57FA-4110-8D00-CE6CAF247B84}.Release|x64.ActiveCfg = Release|x64
		{D0B3FDFA-57FA-4110-8D00-CE6CAF247B84}.Release|x64.Build.0 = Release|x64
		{D0B3FDFA-57FA-4110-8D00-CE6CAF247B84}.Release|x86.ActiveCfg = Release|Win32
		{D0B3FDFA-57FA-4110-8D00-CE6CAF247B84}.Release|x86.Build.0 = Release|Win32
		{BDB1BB3C-60B2-4CCC-B67D-4AB8BAD8A08F}.Debug|x64.ActiveCfg = Debug|x64
		{BDB1BB3C-60B2-4CCC-B67D-4AB8BAD8A08F}.Debug|x64.Build.0 = Debug|x64
		{BDB1BB3C-60B2-4CCC-B67D-4AB8BAD8A08F}.Debug|x86.ActiveCfg = Debug|Win32
		{BDB1BB3C-60B2-4CCC-B67D-4AB8BAD8A08F}.Debug|x86.Build.0 = Debug|Win32
		{BDB1BB3C-60B2-4CCC-B67D-4AB8BAD8A08F}.Release|x64.ActiveCfg = Release|x64
		{BDB1BB3C-60B2-4CCC-B67D-4AB8BAD8A08F}.Release|x64.Build.0 = Release|x64
		{BDB1BB3C-60B2-4CCC-B67D-4AB8BAD8A08F}.Release|x86.ActiveCfg = Release|Win32
		{BDB1BB3C-60B2-4CCC-B67D-4AB8BAD8A08F}.Release|x86.Build.0 = Release|Win32
		{DC4B9C82-0379-482E-ABDE-7C5232E73CA9}.Debug|x64.ActiveCfg = Debug|x64
		{DC4B9C82-0379-482E-ABDE-7C5232E73CA9}.Debug|x64.Build.0 = Debug|x64
		{DC4B9C82-0379-482E-ABDE-7C5232E73CA9}.Debug|x86.ActiveCfg = Debug|Win32
		{DC4B9C82-0379-482E-ABDE-7C5232E73CA9}.Debug|x86.Build.0 = Debug|Win32
		{DC4B9C82-0379-482E-ABDE-7C5232E73CA9}.Release|x64.ActiveCfg = Release|x64
		{DC4B9C82-0379-482E-ABDE-7C5232E73CA9}.Release|x64.Build.0 = Release|x64
		{DC4B9C82-0379-482E-ABDE-7C5232E73CA9}.Release|x86.ActiveCfg = Release|Win32
		{DC4B9C82-0379-482E-ABDE-7C5232E73CA9}.Release|x86.Build.0 = Release|Win32
		{BF1E8C13-5BD5-4BCD-8791-2BA907715D11}.Debug|x64.ActiveCfg = Debug|x64
		{BF1E8C13-5BD5-4BCD-8791-2BA907715D11}.Debug|x64.Build.0 = Debug|x64
		{BF1E8C13-5BD5-4BCD-8791-2BA907715D11}.Debug|x86.ActiveCfg = Debug|Win32
		{BF1E8C13-5BD5-4BCD-8791-2BA907715D11}.Debug|x86.Build.0 = Debug|Win32
		{BF1E8C13-5BD5-4BCD-8791-2BA907715D11}.Release|x64.ActiveCfg = Release|x64
		{BF1E8C13-5BD5-4BCD-8791-2BA907715D11}.Release|x64.Build.0 = Release|x64
		{BF1E8C13-5BD5-4BCD-8791-2BA907715D11}.Release|x86.ActiveCfg = Release|Win32
		{BF1E8C13-5BD5-4BCD-8791-2BA907715D11}.Release|x86.Build.0 = Release|Win32
		{42F30BB1-503E-4885-BB72-E4644B5358D6}.Debug|x64.ActiveCfg = Debug|x64
		{42F30BB1-503E-4885-BB72-E4644B5358D6}.Debug|x64.Build.0 = Debug|x64
		{42F30BB1-503E-4885-BB72-E4644B5358D6}.Debug|x86.ActiveCfg = Debug|Win32
		{42F30BB1-503E-4885-BB72-E4644B5358D6}.Debug|x86.Build.0 = Debug|Win32
		{42F30BB1-503E-4885-BB72-E4644B5358D6}.Release|x64.ActiveCfg = Release|x64
		{42F30BB1-503E-4885-BB72-E4644B5358D6}.Release|x64.Build.0 = Release|x64
		{42F30BB1-503E-4885-BB72-E4644B5358D6}.Release|x86.ActiveCfg = Release|Win32
		{42F30BB1-503E-4885-BB72-E4644B5358D6}.Release|x86.Build.0 = Release|Win32
		{2DD16BBA-1B05-4626-AFAD-D4602330FC55}.Debug|x64.ActiveCfg = Debug|x64
		{2DD16BBA-1B05-4626-AFAD-D4602330FC55}.Debug|x64.Build.0 = Debug|x64
		{2DD16BBA-1B05-4626-AFAD-D4602330FC55}.Debug|x86.ActiveCfg = Debug|Win32
		{2DD16BBA-1B05-4626-AFAD-D4602330FC55}.Debug|x86.Build.0 = Debug|Win32
		{2DD16BBA-1B05-4626-AFAD-D4602330FC55}.Release|x64.ActiveCfg = Release|x64
		{2DD16BBA-1B05-4626-AFAD-D4602330FC55}.Release|x64.Build.0 = Release|x64
		{2DD16BBA-1B05-4626-AFAD-D4602330FC55}.Release|x86.ActiveCfg = Release|Win32
		{2DD16BBA-1B05-4626-AFAD-D4602330FC55}.Release|x86.Build.0 = Release|Win32
		{AF73FDB3-4DF2-483C-A033-1D00D5604D52}.Debug|x64.ActiveCfg = Debug|x64
		{AF73FDB3-4DF2-483C-A033-1D00D5604D52}.Debug|x64.Build.0 = Debug|x64
		{AF73FDB3-4DF2-483C-A033-1D00D5604D52}.Debug|x86.ActiveCfg = Debug|Win32
		{AF73FDB3-4DF2-483C-A033-1D00D5604D52}.Debug|x86.Build.0 = Debug|Win32
		{AF73FDB3-4DF2-483C-A033-1D00D5604D52}.Release|x64.ActiveCfg = Release|x64
		{AF73FDB3-4DF2-483C-A033-1D00D5604D52}.Release|x64.Build.0 = Release|x64
		{AF73FDB3-4DF2-483C-A033-1D00D5604D52}.Release|x86.ActiveCfg = Release|Win32
		{AF73FDB3-4DF2-483C-A033-1D00D5604D52}.Release|x86.Build.0 = Release|Win32
		{F2591604-3CEC-41B6-8E07-73C6DBA6B5EB}.Debug|x64.ActiveCfg = Debug|x64
		{F2591604-3CEC-41B6-8E07-73C6DBA6B5EB}.Debug|x64.Build.0 = Debug|x64
		{F2591604-3CEC-41B6-8E07-73C6DBA6B5EB}.Debug|x86.ActiveCfg = Debug|Win32
		{F2591604-3CEC-41B6-8E07-73C6DBA6B5EB}.Debug|x86.Build.0 = Debug|Win32
		{F2591604-3CEC-41B6-8E07-73C6DBA6B5EB}.Release|x64.ActiveCfg = Release|x64
		{F2591604-3CEC-41B6-8E07-73C6DBA6B5EB}.Release|x64.Build.0 = Release|x64
		{F2591604-3CEC-41B6-8E07-73C6DBA6B5EB}.Release|x86.ActiveCfg = Release|Win32
		{F2591604-3CEC-41B6-8E07-73C6DBA6B5EB}.Release|x86.Build.0 = Release|Win32
		{BB6EBA15-96D1-4EC4-ACE3-A98746F83134}.Debug|x64.ActiveCfg = Debug|x64
		{BB6EBA15-96D1-4EC4-ACE3-A98746F83134}.Debug|x64.Build.0 = Debug|x64
		{BB6EBA15-96D1-4EC4-ACE3-A98746F83134}.Debug|x86.ActiveCfg = Debug|Win32
		{BB6EBA15-96D1-4EC4-ACE3-A98746F83134}.Debug|x86.Build.0 = Debug|Win32
		{BB6EBA15-96D1-4EC4-ACE3-A98746F83134}.Release|x64.ActiveCfg = Release|x64
		{BB6EBA15-96D1-4EC4-ACE3-A98746F83134}.Release|x64.Build.0 = Release|x64
		{BB6EBA15-96D1-4EC4-ACE3-A98746F83134}.Release|x86.ActiveCfg = Release|Win32
		{BB6EBA15-96D1-4EC4-ACE3-A98746F83134}.Release|x86.Build.0 = Release|Win32
		{1E7714D0-E51C-4F8F-B15B-89E8E293184D}.Debug|x64.ActiveCfg = Debug|x64
		{1E7714D0-E51C-4F8F-B15B-89E8E293184D}.Debug|x64.Build.0 = Debug|x64
		{1E7714D0-E51C-4F8F-B15B-89E8E293184D}.Debug|x86.ActiveCfg = Debug|Win32
		{1E7714D0-E51C-4F8F-B15B-89E8E293184D}.Debug|x86.Build.0 = Debug|Win32
		{1E7714D0-E51C-4F8F-B15B-89E8E293184D}.Release|x64.ActiveCfg = Release|x64
		{1E7714D0-E51C-4F8F-B15B-89E8E293184D}.Release|x64.Build.0 = Release|x64
		{1E7714D0-E51C-4F8F-B15B-89E8E293184D}.Release|x86.ActiveCfg = Release|Win32
		{1E7714D0-E51C-4F8F-B15B-89E8E293184D}.Release|x86.Build.0 = Release|Win32
		{014D85C0-95F9-42C7-BF9C-B84E019078AD}.Debug|x64.ActiveCfg = Debug|x64
		{014D85C0-95F9-42C7-BF9C-B84E019078AD}.Debug|x64.Build.0 = Debug|x64
		{014D85C0-95F9-42C7-BF9C-B84E019078AD}.Debug|x86.ActiveCfg = Debug|Win32
		{014D85C0-95F9-42C7-BF9C-B84E019078AD}.Debug|x86.Build.0 = Debug|Win32
		{014D85C0-95F9-42C7-BF9C-B84E019078AD}.Release|x64.ActiveCfg = Release|x64
		{014D85C0-95F9-42C7-BF9C-B84E019078AD}.Release|x64.Build.0 = Release|x64
		{014D85C0-95F9-42C7-BF9C-B84E019078AD}.Release|x86.ActiveCfg = Release|Win32
		{014D85C0-95F9-42C7-BF9C-B84E019078AD}.Release|x86.Build.0 = Release|Win32
		{21923E16-4B04-442C-9572-40F76784883A}.Debug|x64.ActiveCfg = Debug|x64
		{21923E16-4B04-442C-9572-40F76784883A}.Debug|x64.Build.0 = Debug|x64
		{21923E16-4B04-442C-9572-40F76784883A}.Debug|x86.ActiveCfg = Debug|Win32
		{21923E16-4B04-442C-9572-40F76784883A}.Debug|x86.Build.0 = Debug|Win32
		{21923E16-4B04-442C-9572-40F76784883A}.Release|x64.ActiveCfg = Release|x64
		{21923E16-4B04-442C-9572-40F76784883A}.Release|x64.Build.0 = Release|x64
		{21923E16-4B04-442C-9572-40F76784883A}.Release|x86.ActiveCfg = Release|Win32
		{21923E16-4B04-442C-9572-40F76784883A}.Release|x86.Build.0 = Release|Win32
		{5C128FF3-B415-42F9-BDDF-BFB9B4A1C592}.Debug|x64.ActiveCfg = Debug|x64
		{5C128FF3-B415-42F9-BDDF-BFB9B4A1C592}.Debug|x64.Build.0 = Debug|x64
		{5C128FF3-B415-42F9-BDDF-BFB9B4A1C592}.Debug|x86.ActiveCfg = Debug|Win32
		{5C128FF3-B415-42F9-BDDF-BFB9B4A1C592}.Debug|x86.Build.0 = Debug|Win32
		{5C128FF3-B415-42F9-BDDF-BFB9B4A1C592}.Release|x64.ActiveCfg = Release|x64
		{5C128FF3-B415-42F9-BDDF-BFB9B4A1C592}.Release|x64.Build.0 = Release|x64
		{5C128FF3-B415-42F9-BDDF-BFB9B4A1C592}.Release|x86.ActiveCfg = Release|Win32
		{5C128FF3-B415-42F9-BDDF-BFB9B4A1C592}.Release|x86.Build.0 = Release|Win32
		{F41F437A-0CDF-4E4F-A125-9982287DFBF7}.Debug|x64.ActiveCfg = Debug|x64
		{F41F437A-0CDF-4E4F-A125-9982287DFBF7}.Debug|x64.Build.0 = Debug|x64
		{F41F437A-0CDF-4E4F-A125-9982287DFBF7}.Debug|x86.ActiveCfg = Debug|Win32
		{F41F437A-0CDF-4E4F-A125-9982287DFBF7}.Debug|x86.Build.0 = Debug|Win32
		{F41F437A-0CDF-4E4F-A125-9982287DFBF7}.Release|x64.ActiveCfg = Release|x64
		{F41F437A-0CDF-4E4F-A125-9982287DFBF7}.Release|x64.Build.0 = Release|x64
		{F41F437A-0CDF-4E4F-A125-9982287DFBF7}.Release|x86.ActiveCfg = Release|Win32
		{F41F437A-0CDF-4E4F-A125-9982287DFBF7}.Release|x86.Build.0 = Release|Win32
		{87D1C157-CD37-4093-A047-7E5D366231F9}.Debug|x64.ActiveCfg = Debug|x64
		{87D1C157-CD37-4093-A047-7E5D366231F9}.Debug|x64.Build.0 = Debug|x64
		{87D1C157-CD37-4093-A047-7E5D366231F9}.Debug|x86.ActiveCfg = Debug|Win32
		{87D1C157-CD37-4093-A047-7E5D366231F9}.Debug|x86.Build.0 = Debug|Win32
		{87D1C157-CD37-4093-A047-7E5D366231F9}.Release|x64.ActiveCfg = Release|x64
		{87D1C157-CD37-4093-A047-7E5D366231F9}.Release|x64.Build.0 = Release|x64
		{87D1C157-CD37-4093-A047-7E5D366231F9}.Release|x86.ActiveCfg = Release|Win32
		{87D1C157-CD37-4093-A047-7E5D366231F9}.Release|x86.Build.0 = Release|Win32
		{B55C1AC7-E33A-4FE4-9CF1-48ACDE6B602B}.Debug|x64.ActiveCfg = Debug|x64
		{B55C1AC7-E33A-4FE4-9CF1-48ACDE6B602B}.Debug|x64.Build.0 = Debug|x64
		{B55C1AC7-E33A-4FE4-9CF1-48ACDE6B602B}.Debug|x86.ActiveCfg = Debug|Win32
		{B55C1AC7-E33A-4FE4-9CF1-48ACDE6B602B}.Debug|x86.Build.0 = Debug|Win32
		{B55C1AC7-E33A-4FE4-9CF1-48ACDE6B602B}.Release|x64.ActiveCfg = Release|x64
		{B55C1AC7-E33A-4FE4-9CF1-48ACDE6B602B}.Release|x64.Build.0 = Release|x64
		{B55C1AC7-E33A-4FE4-9CF1-48ACDE6B602B}.Release|x86.ActiveCfg = Release|Win32
		{B55C1AC7-E33A-4FE4-9CF1-48ACDE6B602B}.Release|x86.Build.0 = Release|Win32
		{C9F65BA8-0D43-4FF3-953A-C2F4570FA224}.Debug|x64.ActiveCfg = Debug|x64
		{C9F65BA8-0D43-4FF3-953A-C2F4570FA224}.Debug|x64.Build.0 = Debug|x64
		{C9F65BA8-0D43-4FF3-953A-C2F4570FA224}.Debug|x86.ActiveCfg = Debug|Win32
		{C9F65BA8-0D43-4FF3-953A-C2F4570FA224}.Debug|x86.Build.0 = Debug|Win32
		{C9F65BA8-0D43-4FF3-953A-C2F4570FA224}.Release|x64.ActiveCfg = Release|x64
		{C9F65BA8-0D43-4FF3-953A-C2F4570FA224}.Release|x64.Build.0 = Release|x64
		{C9F65BA8-0D43-4FF3-953A-C2F4570FA224}.Release|x86.ActiveCfg = Release|Win32
		{C9F65BA8-0D43-4FF3-953A-C2F4570FA224}.Release|x86.Build.0 = Release|Win32
		{04CDBBA5-329B-4CE4-A0EE-F75A0E1AACF0}.Debug|x64.ActiveCfg = Debug|x64
		{04CDBBA5-329B-4CE4-A0EE-F75A0E1AACF0}.Debug|x64.Build.0 = Debug|x64
		{04CDBBA5-329B-4CE4-A0EE-F75A0E1AACF0}.Debug|x86.ActiveCfg = Debug|Win32
		{04CDBBA5-329B-4CE4-A0EE-F75A0E1AACF0}.Debug|x86.Build.0 = Debug|Win32
		{04CDBBA5-329B-4CE4-A0EE-F75A0E1AACF0}.Release|x64.ActiveCfg = Release|x64
		{04CDBBA5-329B-4CE4-A0EE-F75A0E1AACF0}.Release|x64.Build.0 = Release|x64
		{04CDBBA5-329B-4CE4-A0EE-F75A0E1AACF0}.Release|x86.ActiveCfg = Release|Win32
		{04CDBBA5-329B-4CE4-A0EE-F75A0E1AACF0}.Release|x86.Build.0 = Release|Win32
		{B9C298E1-FB98-450B-B507-42A99A667759}.Debug|x64.ActiveCfg = Debug|x64
		{B9C298E1-FB98-450B-B507-42A99A667759}.Debug|x64.Build.0 = Debug|x64
		{B9C298E1-FB98-450B-B507-42A99A667759}.Debug|x86.ActiveCfg = Debug|Win32
		{B9C298E1-FB98-450B-B507-42A99A667759}.Debug|x86.Build.0 = Debug|Win32
		{B9C298E1-FB98-450B-B507-42A99A667759}.Release|x64.ActiveCfg = Release|x64
		{B9C298E1-FB98-450B-B507-42A99A667759}.Release|x64.Build.0 = Release|x64
		{B9C298E1-FB98-450B-B507-42A99A667759}.Release|x86.ActiveCfg = Release|Win32
		{B9C298E1-FB98-450B-B507-42A99A667759}.Release|x86.Build.0 = Release|Win32
		{8043BF04-7EE0-4350-BF7B-650E29B6AF20}.Debug|x64.ActiveCfg = Debug|x64
		{8043BF04-7EE0-4350-BF7B-650E29B6AF20}.Debug|x64.Build.0 = Debug|x64
		{8043BF04-7EE0-4350-BF7B-650E29B6AF20}.Debug|x86.ActiveCfg = Debug|Win32
		{8043BF04-7EE0-4350-BF7B-650E29B6AF20}.Debug|x86.Build.0 = Debug|Win32
		{8043BF04-7EE0-4350-BF7B-650E29B6AF20}.Release|x64.ActiveCfg = Release|x64
		{8043BF04-7EE0-4350-BF7B-650E29B6AF20}.Release|x64.Build.0 = Release|x64
		{8043BF04-7EE0-4350-BF7B-650E29B6AF20}.Release|x86.ActiveCfg = Release|Win32
		{8043BF04-7EE0-4350-BF7B-650E29B6AF20}.Release|x86.Build.0 = Release|Win32
		{30276D30-B408-4E97-ADC0-00681BE9A6C2}.Debug|x64.ActiveCfg = Debug|x64
		{30276D30-B408-4E97-ADC0-00681BE9A6C2}.Debug|x64.Build.0 = Debug|x64
		{30276D30-B408-4E97-ADC0-00681BE9A6C2}.Debug|x86.ActiveCfg = Debug|Win32
		{30276D30-B408-4E97-ADC0-00681BE9A6C2}.Debug|x86.Build.0 = Debug|Win32
		{30276D30-B408-4E97-ADC0-00681BE9A6C2}.Release|x64.ActiveCfg = Release|x64
		{30276D30-B408-4E97-ADC0-00681BE9A6C2}.Release|x64.Build.0 = Release|x64
		{30276D30-B408-4E97-ADC0-00681BE9A6C2}.Release|x86.ActiveCfg = Release|Win32
		{30276D30-B408-4E97-ADC0-00681BE9A6C2}.Release|x86.Build.0 = Release|Win32
		{7C7C0932-A837-49B7-9099-7A8507AFD3E5}.Debug|x64.ActiveCfg = Debug|x64
		{7C7C0932-A837-49B7-9099-7A8507AFD3E5}.Debug|x64.Build.0 = Debug|x64
		{7C7C0932-A837-49B7-9099-7A8507AFD3E5}.Debug|x86.ActiveCfg = Debug|Win32
		{7C7C0932-A837-49B7-9099-7A8507AFD3E5}.Debug|x86.Build.0 = Debug|Win32
		{7C7C0932-A837-49B7-9099-7A8507AFD3E5}.Release|x64.ActiveCfg = Release|x64
		{7C7C0932-A837-49B7-9099-7A8507AFD3E5}.Release|x64.Build.0 = Release|x64
		{7C7C0932-A837-49B7-9099-7A8507AFD3E5}.Release|x86.ActiveCfg = Release|Win32
		{7C7C0932-A837-49B7-9099-7A8507AFD3E5}.Release|x86.Build.0 = Release|Win32
		{7AD21CF3-AFFE-4A2D-BEBD-5CC1878384B0}.Debug|x64.ActiveCfg = Debug|x64
		{7AD21CF3-AFFE-4A2D-BEBD-5CC1878384B0}.Debug|x64.Build.0 = Debug|x64
		{7AD21CF3-AFFE-4A2D-BEBD-5CC1878384B0}.Debug|x86.ActiveCfg = Debug|Win32
		{7AD21CF3-AFFE-4A2D-BEBD-5CC1878384B0}.Debug|x86.Build.0 = Debug|Win32
		{7AD21CF3-AFFE-4A2D-BEBD-5CC1878384B0}.Release|x64.ActiveCfg = Release|x64
		{7AD21CF3-AFFE-4A2D-BEBD-5CC1878384B0}.Release|x64.Build.0 = Release|x64
		{7AD21CF3-AFFE-4A2D-BEBD-5CC1878384B0}.Release|x86.ActiveCfg = Release|Win32
		{7AD21CF3-AFFE-4A2D-BEBD-5CC1878384B0}.Release|x86.Build.0 = Release|Win32
		{FA44EB5B-AD20-4AB5-85F9-ED9CEE7DA98A}.Debug|x64.ActiveCfg = Debug|x64
		{FA44EB5B-AD20-4AB5-85F9-ED9CEE7DA98A}.Debug|x64.Build.0 = Debug|x64
		{FA44EB5B-AD20-4AB5-85F9-ED9CEE7DA98A}.Debug|x86.ActiveCfg = Debug|Win32
		{FA44EB5B-AD20-4AB5-85F9-ED9CEE7DA98A}.Debug|x86.Build.0 = Debug|Win32
		{FA44EB5B-AD20-4AB5-85F9-ED9CEE7DA98A}.Release|x64.ActiveCfg = Release|x64
		{FA44EB5B-AD20-4AB5-85F9-ED9CEE7DA98A}.Release|x64.Build.0 = Release|x64
		{FA44EB5B-AD20-4AB5-85F9-ED9CEE7DA98A}.Release|x86.ActiveCfg = Release|Win32
		{FA44EB5B-AD20-4AB5-85F9-ED9CEE7DA98A}.Release|x86.Build.0 = Release|Win32
		{A03D5AAA-1D41-4ECF-B137-1F7B03F2745D}.Debug|x64.ActiveCfg = Debug|x64
		{A03D5AAA-1D41-4ECF-B137-1F7B03F2745D}.Debug|x64.Build.0 = Debug|x64
		{A03D5AAA-1D41-4ECF-B137-1F7B03F2745D}.Debug|x86.ActiveCfg = Debug|Win32
		{A03D5AAA-1D41-4ECF-B137-1F7B03F2745D}.Debug|x86.Build.0 = Debug|Win32
		{A03D5AAA-1D41-4ECF-B137-1F7B03F2745D}.Release|x64.ActiveCfg = Release|x64
		{A03D5AAA-1D41-4ECF-B137-1F7B03F2745D}.Release|x64.Build.0 = Release|x64
		{A03D5AAA-1D41-4ECF-B137-1F7B03F2745D}.Release|x86.ActiveCfg = Release|Win32
		{A03D5AAA-1D41-4ECF-B137-1F7B03F2745D}.Release|x86.Build.0 = Release|Win32
		{4476F5E2-C7CC-4C8B-84DC-F3D72CC9289B}.Debug|x64.ActiveCfg = Debug|x64
		{4476F5E2-C7CC-4C8B-84DC-F3D72CC9289B}.Debug|x64.Build.0 = Debug|x64
		{4476F5E2-C7CC-4C8B-84DC-F3D72CC9289B}.Debug|x86.ActiveCfg = Debug|Win32
		{4476F5E2-C7CC-4C8B-84DC-F3D72CC9289B}.Debug|x86.Build.0 = Debug|Win32
		{4476F5E2-C7CC-4C8B-84DC-F3D72CC9289B}.Release|x64.ActiveCfg = Release|x64
		{4476F5E2-C7CC-4C8B-84DC-F3D72CC9289B}.Release|x64.Build.0 = Release|x64
		{4476F5E2-C7CC-4C8B-84DC-F3D72CC9289B}.Release|x86.ActiveCfg = Release|Win32
		{4476F5E2-C7CC-4C8B-84DC-F3D72CC9289B}.Release|x86.Build.0 = Release|Win32
		{E208ED15-3C0C-464B-B74B-012E5AD57F38}.Debug|x64.ActiveCfg = Debug|x64
		{E208ED15-3C0C-464B-B74B-012E5AD57F38}.Debug|x64.Build.0 = Debug|x64
		{E208ED15-3C0C-464B-B74B-012E5AD57F38}.Debug|x86.ActiveCfg = Debug|Win32
		{E208ED15-3C0C-464B-B74B-012E5AD57F38}.Debug|x86.Build.0 = Debug|Win32
		{E208ED15-3C0C-464B-B74B-012E5AD57F38}.Release|x64.ActiveCfg = Release|x64
		{E208ED15-3C0C-464B-B74B-012E5AD57F38}.Release|x64.Build.0 = Release|x64
		{E208ED15-3C0C-464B-B74B-012E5AD57F38}.Release|x86.ActiveCfg = Release|Win32
		{E208ED15-3C0C-464B-B74B-012E5AD57F38}.Release|x86.Build.0 = Release|Win32
		{7CF3CC46-F9BC-456D-BC0E-ABE10704E60A}.Debug|x64.ActiveCfg = Debug|x64
		{7CF3CC46-F9BC-456D-BC0E-ABE10704E60A}.Debug|x64.Build.0 = Debug|x64
		{7CF3CC46-F9BC-456D-BC0E-ABE10704E60A}.Debug|x86.ActiveCfg = Debug|Win32
		{7CF3CC46-F9BC-456D-BC0E-ABE10704E60A}.Debug|x86.Build.0 = Debug|Win32
		{7CF3CC46-F9BC-456D-BC0E-ABE10704E60A}.Release|x64.ActiveCfg = Release|x64
		{7CF3CC46-F9BC-456D-BC0E-ABE10704E60A}.Release|x64.Build.0 = Release|x64
		{7CF3CC46-F9BC-456D-BC0E-ABE10704E60A}.Release|x86.ActiveCfg = Release|Win32
		{7CF3CC46-F9BC-456D-BC0E-ABE10704E60A}.Release|x86.Build.0 = Release|Win32
		{FC06703E-3FFA-449D-A1C1-7FC30B4F5E02}.Debug|x64.ActiveCfg = Debug|x64
		{FC06703E-3FFA-449D-A1C1-7FC30B4F5E02}.Debug|x64.Build.0 = Debug|x64
		{FC06703E-3FFA-449D-A1C1-7FC30B4F5E02}.Debug|x86.ActiveCfg = Debug|Win32
		{FC06703E-3FFA-449D-A1C1-7FC30B4F5E02}.Debug|x86.Build.0 = Debug|Win32
		{FC06703E-3FFA-449D-A1C1-7FC30B4F5E02}.Release|x64.ActiveCfg = Release|x64
		{FC06703E-3FFA-449D-A1C1-7FC30B4F5E02}.Release|x64.Build.0 = Release|x64
		{FC06703E-3FFA-449D-A1C1-7FC30B4F5E02}.Release|x86.ActiveCfg = Release|Win32
		{FC06703E-3FFA-449D-A1C1-7FC30B4F5E02}.Release|x86.Build.0 = Release|Win32
		{C15B3CF6-7DAC-45FC-A21A-BB168ACBC118}.Debug|x64.ActiveCfg = Debug|x64
		{C15B3CF6-7DAC-45FC-A21A-BB168ACBC118}.Debug|x64.Build.0 = Debug|x64
		{C15B3CF6-7DAC-45FC-A21A-BB168ACBC118}.Debug|x86.ActiveCfg = Debug|Win32
		{C15B3CF6-7DAC-45FC-A21A-BB168ACBC118}.Debug|x86.Build.0 = Debug|Win32
		{C15B3CF6-7DAC-45FC-A21A-BB168ACBC118}.Release|x64.ActiveCfg = Release|x64
		{C15B3CF6-7DAC-45FC-A21A-BB168ACBC118}.Release|x64.Build.0 = Release|x64
		{C15B3CF6-7DAC-45FC-A21A-BB168ACBC118}.Release|x86.ActiveCfg = Release|Win32
		{C15B3CF6-7DAC-45FC-A21A-BB168ACBC118}.Release|x86.Build.0 = Release|Win32
		{BF155315-994C-4DF2-9DFF-2974E8B3C9D4}.Debug|x64.ActiveCfg = Debug|x64
		{BF155315-994C-4DF2-9DFF-2974E8B3C9D4}.Debug|x64.Build.0 = Debug|x64
		{BF155315-994C-4DF2-9DFF-2974E8B3C9D4}.Debug|x86.ActiveCfg = Debug|Win32
		{BF155315-994C-4DF2-9DFF-2974E8B3C9D4}.Debug|x86.Build.0 = Debug|Win32
		{BF155315-994C-4DF2-9DFF-2974E8B3C9D4}.Release|x64.ActiveCfg = Release|x64
		{BF155315-994C-4DF2-9DFF-2974E8B3C9D4}.Release|x64.Build.0 = Release|x64
		{BF155315-994C-4DF2-9DFF-2974E8B3C9D4}.Release|x86.ActiveCfg = Release|Win32
		{BF155315-994C-4DF2-9DFF-2974E8B3C9D4}.Release|x86.Build.0 = Release|Win32
		{C6EDBCA9-5693-4104-90A5-608C415B9C95}.Debug|x64.ActiveCfg = Debug|x64
		{C6EDBCA9-5693-4104-90A5-608C415B9C95}.Debug|x64.Build.0 = Debug|x64
		{C6EDBCA9-5693-4104-90A5-608C415B9C95}.Debug|x86.ActiveCfg = Debug|Win32
		{C6EDBCA9-5693-4104-90A5-608C415B9C95}.Debug|x86.Build.0 = Debug|Win32
		{C6EDBCA9-5693-4104-90A5-608C415B9C95}.Release|x64.ActiveCfg = Release|x64
		{C6EDBCA9-5693-4104-90A5-608C415B9C95}.Release|x64.Build.0 = Release|x64
		{C6EDBCA9-5693-4104-90A5-608C415B9C95}.Release|x86.ActiveCfg = Release|Win32
		{C6EDBCA9-5693-4104-90A5-608C415B9C95}.Release|x86.Build.0 = Release|Win32
		{0ED07F63-8C72-45FF-8280-747CE03EB883}.Debug|x64.ActiveCfg = Debug|x64
		{0ED07F63-8C72-45FF-8280-747CE03EB883}.Debug|x64.Build.0 = Debug|x64
		{0ED07F63-8C72-45FF-8280-747CE03EB883}.Debug|x86.ActiveCfg = Debug|Win32
		{0ED07F63-8C72-45FF-8280-747CE03EB883}.Debug|x86.Build.0 = Debug|Win32
		{0ED07F63-8C72-45FF-8280-747CE03EB883}.Release|x64.ActiveCfg = Release|x64
		{0ED07F63-8C72-45FF-8280-747CE03EB883}.Release|x64.Build.0 = Release|x64
		{0ED07F63-8C72-45FF-8280-747CE03EB883}.Release|x86.ActiveCfg = Release|Win32
		{0ED07F63-8C72-45FF-8280-747CE03EB883}.Release|x86.Build.0 = Release|Win32
		{56B43661-83BB-49AD-AC15-104F7EC12B8A}.Debug|x64.ActiveCfg = Debug|x64
		{56B43661-83BB-49AD-AC15-104F7EC12B8A}.Debug|x64.Build.0 = Debug|x64
		{56B43661-83BB-49AD-AC15-104F7EC12B8A}.Debug|x86.ActiveCfg = Debug|Win32
		{56B43661-83BB-49AD-AC15-104F7EC12B8A}.Debug|x86.Build.0 = Debug|Win32
		{56B43661-83BB-49AD-AC15-104F7EC12B8A}.Release|x64.ActiveCfg = Release|x64
		{56B43661-83BB-49AD-AC15-104F7EC12B8A}.Release|x64.Build.0 = Release|x64
		{56B43661-83BB-49AD-AC15-104F7EC12B8A}.Release|x86.ActiveCfg = Release|Win32
		{56B43661-83BB-49AD-AC15-104F7EC12B8A}.Release|x86.Build.0 = Release|Win32
		{CD3910BF-FF37-480A-B823-BBD1459A6B8B}.Debug|x64.ActiveCfg = Debug|x64
		{CD3910BF-FF37-480A-B823-BBD1459A6B8B}.Debug|x64.Build.0 = Debug|x64
		{CD3910BF-FF37-480A-B823-BBD1459A6B8B}.Debug|x86.ActiveCfg = Debug|Win32
		{CD3910BF-FF37-480A-B823-BBD1459A6B8B}.Debug|x86.Build.0 = Debug|Win32
		{CD3910BF-FF37-480A-B823-BBD1459A6B8B}.Release|x64.ActiveCfg = Release|x64
		{CD3910BF-FF37-480A-B823-BBD1459A6B8B}.Release|x64.Build.0 = Release|x64
		{CD3910BF-FF37-480A-B823-BBD1459A6B8B}.Release|x86.ActiveCfg = Release|Win32
		{CD3910BF-FF37-480A-B823-BBD1459A6B8B}.Release|x86.Build.0 = Release|Win32
		{CB50A32F-48EE-4A35-AA84-D4CF464283AB}.Debug|x64.ActiveCfg = Debug|x64
		{CB50A32F-48EE-4A35-AA84-D4CF464283AB}.Debug|x64.Build.0 = Debug|x64
		{CB50A32F-48EE-4A35-AA84-D4CF464283AB}.Debug|x86.ActiveCfg = Debug|Win32
		{CB50A32F-48EE-4A35-AA84-D4CF464283AB}.Debug|x86.Build.0 = Debug|Win32
		{CB50A32F-48EE-4A35-AA84-D4CF464283AB}.Release|x64.ActiveCfg = Release|x64
		{CB50A32F-48EE-4A35-AA84-D4CF464283AB}.Release|x64.Build.0 = Release|x64
		{CB50A32F-48EE-4A35-AA84-D4CF464283AB}.Release|x86.ActiveCfg = Release|Win32
		{CB50A32F-48EE-4A35-AA84-D4CF464283AB}.Release|x86.Build.0 = Release|Win32
		{40A52B84-FB25-4439-B93B-93E9DB61B614}.Debug|x64.ActiveCfg = Debug|x64
		{40A52B84-FB25-4439-B93B-93E9DB61B614}.Debug|x64.Build.0 = Debug|x64
		{40A52B84-FB25-4439-B93B-93E9DB61B614}.Debug|x86.ActiveCfg = Debug|Win32
		{40A52B84-FB25-4439-B93B-93E9DB61B614}.Debug|x86.Build.0 = Debug|Win32
		{40A52B84-FB25-4439-B93B-93E9DB61B614}.Release|x64.ActiveCfg = Release|x64
		{40A52B84-FB25-4439-B93B-93E9DB61B614}.Release|x64.Build.0 = Release|x64
		{40A52B84-FB25-4439-B93B-93E9DB61B614}.Release|x86.ActiveCfg = Release|Win32
		{40A52B84-FB25-4439-B93B-93E9DB61B614}.Release|x86.Build.0 = Release|Win32
		{BEE371ED-A5CF-4887-B191-F49633A3CF99}.Debug|x64.ActiveCfg = Debug|x64
		{BEE371ED-A5CF-4887-B191-F49633A3CF99}.Debug|x64.Build.0 = Debug|x64
		{BEE371ED-A5CF-4887-B191-F49633A3CF99}.Debug|x86.ActiveCfg = Debug|Win32
		{BEE371ED-A5CF-4887-B191-F49633A3CF99}.Debug|x86.Build.0 = Debug|Win32
		{BEE371ED-A5CF-4887-B191-F49633A3CF99}.Release|x64.ActiveCfg = Release|x64
		{BEE371ED-A5CF-4887-B191-F49633A3CF99}.Release|x64.Build.0 = Release|x64
		{BEE371ED-A5CF-4887-B191-F49633A3CF99}.Release|x86.ActiveCfg = Release|Win32
		{BEE371ED-A5CF-4887-B191-F49633A3CF99}.Release|x86.Build.0 = Release|Win32
		{39AB43F0-CBC5-443C-9C61-1FE675DA442E}.Debug|x64.ActiveCfg = Debug|x64
		{39AB43F0-CBC5-443C-9C61-1FE675DA442E}.Debug|x64.Build.0 = Debug|x64
		{39AB43F0-CBC5-443C-9C61-1FE675DA442E}.Debug|x86.ActiveCfg = Debug|Win32
		{39AB43F0-CBC5-443C-9C61-1FE675DA442E}.Debug|x86.Build.0 = Debug|Win32
		{39AB43F0-CBC5-443C-9C61-1FE675DA442E}.Release|x64.ActiveCfg = Release|x64
		{39AB43F0-CBC5-443C-9C61-1FE675DA442E}.Release|x64.Build.0 = Release|x64
		{39AB43F0-CBC5-443C-9C61-1FE675DA442E}.Release|x86.ActiveCfg = Release|Win32
		{39AB43F0-CBC5-443C-9C61-1FE675DA442E}.Release|x86.Build.0 = Release|Win32
		{1D1B802A-5CAE-49A1-A537-82A134140AE5}.Debug|x64.ActiveCfg = Debug|x64
		{1D1B802A-5CAE-49A1-A537-82A134140AE5}.Debug|x64.Build.0 = Debug|x64
		{1D1B802A-5CAE-49A1-A537-82A134140AE5}.Debug|x86.ActiveCfg = Debug|Win32
		{1D1B802A-5CAE-49A1-A537-82A134140AE5}.Debug|x86.Build.0 = Debug|Win32
		{1D1B802A-5CAE-49A1-A537-82A134140AE5}.Release|x64.ActiveCfg = Release|x64
		{1D1B802A-5CAE-49A1-A537-82A134140AE5}.Release|x64.Build.0 = Release|x64
		{1D1B802A-5CAE-49A1-A537-82A134140AE5}.Release|x86.ActiveCfg = Release|Win32
		{1D1B802A-5CAE-49A1-A537-82A134140AE5}.Release|x86.Build.0 = Release|Win32
		{60EA4FB2-0C7C-4A13-9FF7-733ECE1EA794}.Debug|x64.ActiveCfg = Debug|x64
		{60EA4FB2-0C7C-4A13-9FF7-733ECE1EA794}.Debug|x64.Build.0 = Debug|x64
		{60EA4FB2-0C7C-4A13-9FF7-733ECE1EA794}.Debug|x86.ActiveCfg = Debug|Win32
		{60EA4FB2-0C7C-4A13-9FF7-733ECE1EA794}.Debug|x86.Build.0 = Debug|Win32
		{60EA4FB2-0C7C-4A13-9FF7-733ECE1EA794}.Release|x64.ActiveCfg = Release|x64
		{60EA4FB2-0C7C-4A13-9FF7-733ECE1EA794}.Release|x64.Build.0 = Release|x64
		{60EA4FB2-0C7C-4A13-9FF7-733ECE1EA794}.Release|x86.ActiveCfg = Release|Win32
		{60EA4FB2-0C7C-4A13-9FF7-733ECE1EA794}.Release|x86.Build.0 = Release|Win32
		{217F1FAB-E2FC-4F80-9EE9-90E49AA467D1}.Debug|x64.ActiveCfg = Debug|x64
		{217F1FAB-E2FC-4F80-9EE9-90E49AA467D1}.Debug|x64.Build.0 = Debug|x64
		{217F1FAB-E2FC-4F80-9EE9-90E49AA467D1}.Debug|x86.ActiveCfg = Debug|Win32
		{217F1FAB-E2FC-4F80-9EE9-90E49AA467D1}.Debug|x86.Build.0 = Debug|Win32
		{217F1FAB-E2FC-4F80-9EE9-90E49AA467D1}.Release|x64.ActiveCfg = Release|x64
		{217F1FAB-E2FC-4F80-9EE9-90E49AA467D1}.Release|x64.Build.0 = Release|x64
		{217F1FAB-E2FC-4F80-9EE9-90E49AA467D1}.Release|x86.ActiveCfg = Release|Win32
		{217F1FAB-E2FC-4F80-9EE9-90E49AA467D1}.Release|x86.Build.0 = Release|Win32
		{4B56D0B0-A223-4230-82C7-26488A9791D5}.Debug|x64.ActiveCfg = Debug|x64
		{4B56D0B0-A223-4230-82C7-26488A9791D5}.Debug|x64.Build.0 = Debug|x64
		{4B56D0B0-A223-4230-82C7-26488A9791D5}.Debug|x86.ActiveCfg = Debug|Win32
		{4B56D0B0-A223-4230-82C7-26488A9791D5}.Debug|x86.Build.0 = Debug|Win32
		{4B56D0B0-A223-4230-82C7-26488A9791D5}.Release|x64.ActiveCfg = Release|x64
		{4B56D0B0-A223-4230-82C7-26488A9791D5}.Release|x64.Build.0 = Release|x64
		{4B56D0B0-A223-4230-82C7-26488A9791D5}.Release|x86.ActiveCfg = Release|Win32
		{4B56D0B0-A223-4230-82C7-26488A9791D5}.Release|x86.Build.0 = Release|Win32
	EndGlobalSection
	GlobalSection(SolutionProperties) = preSolution
		HideSolutionNode = FALSE
	EndGlobalSection
	GlobalSection(ExtensibilityGlobals) = postSolution
		SolutionGuid = {D2981EFC-5BCD-41AC-B882-94C4CAE36A55}
	EndGlobalSection
EndGlobal
