
Microsoft Visual Studio Solution File, Format Version 12.00
# Visual Studio Version 16
VisualStudioVersion = 16.0.31321.278
MinimumVisualStudioVersion = 10.0.40219.1
Project("{8BC9CEB8-8B4A-11D0-8D11-00A0C91BC942}") = "declaration_method", "Bacis-Of-C\Bacis-Of-C.vcxproj", "{14004951-3C04-4784-A325-A74DB1B9436B}"
EndProject
Project("{8BC9CEB8-8B4A-11D0-8D11-00A0C91BC942}") = "basic_method_of_printf", "variables_declaration\variables_declaration.vcxproj", "{EF489A93-AFAF-4E23-850C-08072E3B54E6}"
EndProject
Project("{8BC9CEB8-8B4A-11D0-8D11-00A0C91BC942}") = "make_function", "make_function\make_function.vcxproj", "{B8BFD43B-3465-49AA-A2D8-F0D1057833D0}"
EndProject
Project("{8BC9CEB8-8B4A-11D0-8D11-00A0C91BC942}") = "basic_usage_of_scanf_function", "basic_usage_of_scanf_function\basic_usage_of_scanf_function.vcxproj", "{2931D106-39A6-48F4-901D-6C284A25772B}"
EndProject
Project("{8BC9CEB8-8B4A-11D0-8D11-00A0C91BC942}") = "simple_input_and_output_program", "simple_input_and_output_program\simple_input_and_output_program.vcxproj", "{93A885D0-350B-4BE9-AC0E-AFCAECFA6019}"
EndProject
Project("{8BC9CEB8-8B4A-11D0-8D11-00A0C91BC942}") = "overflow_of_integer", "overflow_of_integer\overflow_of_integer.vcxproj", "{9775ACFF-BD95-49C2-9F94-D9C79F2BDA52}"
EndProject
Project("{8BC9CEB8-8B4A-11D0-8D11-00A0C91BC942}") = "fixed-width_integers", "fixed-width_integers\fixed-width_integers.vcxproj", "{6B7F71C4-9BFA-4896-98FB-6C02DAB9E8AA}"
EndProject
Project("{8BC9CEB8-8B4A-11D0-8D11-00A0C91BC942}") = "character_type", "character_type\character_type.vcxproj", "{8CE3918C-EC4B-45D7-ABEA-83F85D32D84C}"
EndProject
Project("{8BC9CEB8-8B4A-11D0-8D11-00A0C91BC942}") = "limitation_of_floating-point", "limitation_of_floating-point\limitation_of_floating-point.vcxproj", "{D9196DEF-C30D-487E-8158-A810E0819F4F}"
EndProject
Project("{8BC9CEB8-8B4A-11D0-8D11-00A0C91BC942}") = "boolean_types", "boolean_types\boolean_types.vcxproj", "{B942D4DB-12FA-4726-89F1-3F493FB8EA6A}"
EndProject
Project("{8BC9CEB8-8B4A-11D0-8D11-00A0C91BC942}") = "complex_types", "complex_types\complex_types.vcxproj", "{72E983F1-D724-44F5-83AC-6B9B8D6ED7B1}"
EndProject
Project("{8BC9CEB8-8B4A-11D0-8D11-00A0C91BC942}") = "basic_input_and_output_of_character_list", "basic_input_and_output_of_character_list\basic_input_and_output_of_character_list.vcxproj", "{685934C3-12B9-40DA-B66D-D01AED5A1852}"
EndProject
Project("{8BC9CEB8-8B4A-11D0-8D11-00A0C91BC942}") = "sizeof", "sizeof\sizeof.vcxproj", "{687B9D72-CD27-44C2-822B-36F8AD8584AA}"
EndProject
Project("{8BC9CEB8-8B4A-11D0-8D11-00A0C91BC942}") = "storage_principle_of_string_in_memory", "storage_principle_of_string_in_memory\storage_principle_of_string_in_memory.vcxproj", "{2D618400-9FEF-4A3B-8028-6B3E26F2AEF1}"
EndProject
Project("{8BC9CEB8-8B4A-11D0-8D11-00A0C91BC942}") = "strlen", "strlen\strlen.vcxproj", "{891E3C5A-CF19-40E9-A529-7A9306AD9A81}"
EndProject
Project("{8BC9CEB8-8B4A-11D0-8D11-00A0C91BC942}") = "symbolic_constants_and_define", "symbolic_constants_and_define\symbolic_constants_and_define.vcxproj", "{96877BD2-1FEE-447E-B5E5-1809D47C349F}"
EndProject
Project("{8BC9CEB8-8B4A-11D0-8D11-00A0C91BC942}") = "manifest_constants", "maifest_constants\maifest_constants.vcxproj", "{9C7CC972-714D-4406-A2A9-1D67A9FDC5F3}"
EndProject
Project("{8BC9CEB8-8B4A-11D0-8D11-00A0C91BC942}") = "usage_of_scanf_function", "usage_of_scanf_function\usage_of_scanf_function.vcxproj", "{E7EC367B-8518-4178-B600-AD0574451636}"
EndProject
Global
	GlobalSection(SolutionConfigurationPlatforms) = preSolution
		Debug|x64 = Debug|x64
		Debug|x86 = Debug|x86
		Release|x64 = Release|x64
		Release|x86 = Release|x86
	EndGlobalSection
	GlobalSection(ProjectConfigurationPlatforms) = postSolution
		{14004951-3C04-4784-A325-A74DB1B9436B}.Debug|x64.ActiveCfg = Debug|x64
		{14004951-3C04-4784-A325-A74DB1B9436B}.Debug|x64.Build.0 = Debug|x64
		{14004951-3C04-4784-A325-A74DB1B9436B}.Debug|x86.ActiveCfg = Debug|Win32
		{14004951-3C04-4784-A325-A74DB1B9436B}.Debug|x86.Build.0 = Debug|Win32
		{14004951-3C04-4784-A325-A74DB1B9436B}.Release|x64.ActiveCfg = Release|x64
		{14004951-3C04-4784-A325-A74DB1B9436B}.Release|x64.Build.0 = Release|x64
		{14004951-3C04-4784-A325-A74DB1B9436B}.Release|x86.ActiveCfg = Release|Win32
		{14004951-3C04-4784-A325-A74DB1B9436B}.Release|x86.Build.0 = Release|Win32
		{EF489A93-AFAF-4E23-850C-08072E3B54E6}.Debug|x64.ActiveCfg = Debug|x64
		{EF489A93-AFAF-4E23-850C-08072E3B54E6}.Debug|x64.Build.0 = Debug|x64
		{EF489A93-AFAF-4E23-850C-08072E3B54E6}.Debug|x86.ActiveCfg = Debug|Win32
		{EF489A93-AFAF-4E23-850C-08072E3B54E6}.Debug|x86.Build.0 = Debug|Win32
		{EF489A93-AFAF-4E23-850C-08072E3B54E6}.Release|x64.ActiveCfg = Release|x64
		{EF489A93-AFAF-4E23-850C-08072E3B54E6}.Release|x64.Build.0 = Release|x64
		{EF489A93-AFAF-4E23-850C-08072E3B54E6}.Release|x86.ActiveCfg = Release|Win32
		{EF489A93-AFAF-4E23-850C-08072E3B54E6}.Release|x86.Build.0 = Release|Win32
		{B8BFD43B-3465-49AA-A2D8-F0D1057833D0}.Debug|x64.ActiveCfg = Debug|x64
		{B8BFD43B-3465-49AA-A2D8-F0D1057833D0}.Debug|x64.Build.0 = Debug|x64
		{B8BFD43B-3465-49AA-A2D8-F0D1057833D0}.Debug|x86.ActiveCfg = Debug|Win32
		{B8BFD43B-3465-49AA-A2D8-F0D1057833D0}.Debug|x86.Build.0 = Debug|Win32
		{B8BFD43B-3465-49AA-A2D8-F0D1057833D0}.Release|x64.ActiveCfg = Release|x64
		{B8BFD43B-3465-49AA-A2D8-F0D1057833D0}.Release|x64.Build.0 = Release|x64
		{B8BFD43B-3465-49AA-A2D8-F0D1057833D0}.Release|x86.ActiveCfg = Release|Win32
		{B8BFD43B-3465-49AA-A2D8-F0D1057833D0}.Release|x86.Build.0 = Release|Win32
		{2931D106-39A6-48F4-901D-6C284A25772B}.Debug|x64.ActiveCfg = Debug|x64
		{2931D106-39A6-48F4-901D-6C284A25772B}.Debug|x64.Build.0 = Debug|x64
		{2931D106-39A6-48F4-901D-6C284A25772B}.Debug|x86.ActiveCfg = Debug|Win32
		{2931D106-39A6-48F4-901D-6C284A25772B}.Debug|x86.Build.0 = Debug|Win32
		{2931D106-39A6-48F4-901D-6C284A25772B}.Release|x64.ActiveCfg = Release|x64
		{2931D106-39A6-48F4-901D-6C284A25772B}.Release|x64.Build.0 = Release|x64
		{2931D106-39A6-48F4-901D-6C284A25772B}.Release|x86.ActiveCfg = Release|Win32
		{2931D106-39A6-48F4-901D-6C284A25772B}.Release|x86.Build.0 = Release|Win32
		{93A885D0-350B-4BE9-AC0E-AFCAECFA6019}.Debug|x64.ActiveCfg = Debug|x64
		{93A885D0-350B-4BE9-AC0E-AFCAECFA6019}.Debug|x64.Build.0 = Debug|x64
		{93A885D0-350B-4BE9-AC0E-AFCAECFA6019}.Debug|x86.ActiveCfg = Debug|Win32
		{93A885D0-350B-4BE9-AC0E-AFCAECFA6019}.Debug|x86.Build.0 = Debug|Win32
		{93A885D0-350B-4BE9-AC0E-AFCAECFA6019}.Release|x64.ActiveCfg = Release|x64
		{93A885D0-350B-4BE9-AC0E-AFCAECFA6019}.Release|x64.Build.0 = Release|x64
		{93A885D0-350B-4BE9-AC0E-AFCAECFA6019}.Release|x86.ActiveCfg = Release|Win32
		{93A885D0-350B-4BE9-AC0E-AFCAECFA6019}.Release|x86.Build.0 = Release|Win32
		{9775ACFF-BD95-49C2-9F94-D9C79F2BDA52}.Debug|x64.ActiveCfg = Debug|x64
		{9775ACFF-BD95-49C2-9F94-D9C79F2BDA52}.Debug|x64.Build.0 = Debug|x64
		{9775ACFF-BD95-49C2-9F94-D9C79F2BDA52}.Debug|x86.ActiveCfg = Debug|Win32
		{9775ACFF-BD95-49C2-9F94-D9C79F2BDA52}.Debug|x86.Build.0 = Debug|Win32
		{9775ACFF-BD95-49C2-9F94-D9C79F2BDA52}.Release|x64.ActiveCfg = Release|x64
		{9775ACFF-BD95-49C2-9F94-D9C79F2BDA52}.Release|x64.Build.0 = Release|x64
		{9775ACFF-BD95-49C2-9F94-D9C79F2BDA52}.Release|x86.ActiveCfg = Release|Win32
		{9775ACFF-BD95-49C2-9F94-D9C79F2BDA52}.Release|x86.Build.0 = Release|Win32
		{6B7F71C4-9BFA-4896-98FB-6C02DAB9E8AA}.Debug|x64.ActiveCfg = Debug|x64
		{6B7F71C4-9BFA-4896-98FB-6C02DAB9E8AA}.Debug|x64.Build.0 = Debug|x64
		{6B7F71C4-9BFA-4896-98FB-6C02DAB9E8AA}.Debug|x86.ActiveCfg = Debug|Win32
		{6B7F71C4-9BFA-4896-98FB-6C02DAB9E8AA}.Debug|x86.Build.0 = Debug|Win32
		{6B7F71C4-9BFA-4896-98FB-6C02DAB9E8AA}.Release|x64.ActiveCfg = Release|x64
		{6B7F71C4-9BFA-4896-98FB-6C02DAB9E8AA}.Release|x64.Build.0 = Release|x64
		{6B7F71C4-9BFA-4896-98FB-6C02DAB9E8AA}.Release|x86.ActiveCfg = Release|Win32
		{6B7F71C4-9BFA-4896-98FB-6C02DAB9E8AA}.Release|x86.Build.0 = Release|Win32
		{8CE3918C-EC4B-45D7-ABEA-83F85D32D84C}.Debug|x64.ActiveCfg = Debug|x64
		{8CE3918C-EC4B-45D7-ABEA-83F85D32D84C}.Debug|x64.Build.0 = Debug|x64
		{8CE3918C-EC4B-45D7-ABEA-83F85D32D84C}.Debug|x86.ActiveCfg = Debug|Win32
		{8CE3918C-EC4B-45D7-ABEA-83F85D32D84C}.Debug|x86.Build.0 = Debug|Win32
		{8CE3918C-EC4B-45D7-ABEA-83F85D32D84C}.Release|x64.ActiveCfg = Release|x64
		{8CE3918C-EC4B-45D7-ABEA-83F85D32D84C}.Release|x64.Build.0 = Release|x64
		{8CE3918C-EC4B-45D7-ABEA-83F85D32D84C}.Release|x86.ActiveCfg = Release|Win32
		{8CE3918C-EC4B-45D7-ABEA-83F85D32D84C}.Release|x86.Build.0 = Release|Win32
		{D9196DEF-C30D-487E-8158-A810E0819F4F}.Debug|x64.ActiveCfg = Debug|x64
		{D9196DEF-C30D-487E-8158-A810E0819F4F}.Debug|x64.Build.0 = Debug|x64
		{D9196DEF-C30D-487E-8158-A810E0819F4F}.Debug|x86.ActiveCfg = Debug|Win32
		{D9196DEF-C30D-487E-8158-A810E0819F4F}.Debug|x86.Build.0 = Debug|Win32
		{D9196DEF-C30D-487E-8158-A810E0819F4F}.Release|x64.ActiveCfg = Release|x64
		{D9196DEF-C30D-487E-8158-A810E0819F4F}.Release|x64.Build.0 = Release|x64
		{D9196DEF-C30D-487E-8158-A810E0819F4F}.Release|x86.ActiveCfg = Release|Win32
		{D9196DEF-C30D-487E-8158-A810E0819F4F}.Release|x86.Build.0 = Release|Win32
		{B942D4DB-12FA-4726-89F1-3F493FB8EA6A}.Debug|x64.ActiveCfg = Debug|x64
		{B942D4DB-12FA-4726-89F1-3F493FB8EA6A}.Debug|x64.Build.0 = Debug|x64
		{B942D4DB-12FA-4726-89F1-3F493FB8EA6A}.Debug|x86.ActiveCfg = Debug|Win32
		{B942D4DB-12FA-4726-89F1-3F493FB8EA6A}.Debug|x86.Build.0 = Debug|Win32
		{B942D4DB-12FA-4726-89F1-3F493FB8EA6A}.Release|x64.ActiveCfg = Release|x64
		{B942D4DB-12FA-4726-89F1-3F493FB8EA6A}.Release|x64.Build.0 = Release|x64
		{B942D4DB-12FA-4726-89F1-3F493FB8EA6A}.Release|x86.ActiveCfg = Release|Win32
		{B942D4DB-12FA-4726-89F1-3F493FB8EA6A}.Release|x86.Build.0 = Release|Win32
		{72E983F1-D724-44F5-83AC-6B9B8D6ED7B1}.Debug|x64.ActiveCfg = Debug|x64
		{72E983F1-D724-44F5-83AC-6B9B8D6ED7B1}.Debug|x64.Build.0 = Debug|x64
		{72E983F1-D724-44F5-83AC-6B9B8D6ED7B1}.Debug|x86.ActiveCfg = Debug|Win32
		{72E983F1-D724-44F5-83AC-6B9B8D6ED7B1}.Debug|x86.Build.0 = Debug|Win32
		{72E983F1-D724-44F5-83AC-6B9B8D6ED7B1}.Release|x64.ActiveCfg = Release|x64
		{72E983F1-D724-44F5-83AC-6B9B8D6ED7B1}.Release|x64.Build.0 = Release|x64
		{72E983F1-D724-44F5-83AC-6B9B8D6ED7B1}.Release|x86.ActiveCfg = Release|Win32
		{72E983F1-D724-44F5-83AC-6B9B8D6ED7B1}.Release|x86.Build.0 = Release|Win32
		{685934C3-12B9-40DA-B66D-D01AED5A1852}.Debug|x64.ActiveCfg = Debug|x64
		{685934C3-12B9-40DA-B66D-D01AED5A1852}.Debug|x64.Build.0 = Debug|x64
		{685934C3-12B9-40DA-B66D-D01AED5A1852}.Debug|x86.ActiveCfg = Debug|Win32
		{685934C3-12B9-40DA-B66D-D01AED5A1852}.Debug|x86.Build.0 = Debug|Win32
		{685934C3-12B9-40DA-B66D-D01AED5A1852}.Release|x64.ActiveCfg = Release|x64
		{685934C3-12B9-40DA-B66D-D01AED5A1852}.Release|x64.Build.0 = Release|x64
		{685934C3-12B9-40DA-B66D-D01AED5A1852}.Release|x86.ActiveCfg = Release|Win32
		{685934C3-12B9-40DA-B66D-D01AED5A1852}.Release|x86.Build.0 = Release|Win32
		{687B9D72-CD27-44C2-822B-36F8AD8584AA}.Debug|x64.ActiveCfg = Debug|x64
		{687B9D72-CD27-44C2-822B-36F8AD8584AA}.Debug|x64.Build.0 = Debug|x64
		{687B9D72-CD27-44C2-822B-36F8AD8584AA}.Debug|x86.ActiveCfg = Debug|Win32
		{687B9D72-CD27-44C2-822B-36F8AD8584AA}.Debug|x86.Build.0 = Debug|Win32
		{687B9D72-CD27-44C2-822B-36F8AD8584AA}.Release|x64.ActiveCfg = Release|x64
		{687B9D72-CD27-44C2-822B-36F8AD8584AA}.Release|x64.Build.0 = Release|x64
		{687B9D72-CD27-44C2-822B-36F8AD8584AA}.Release|x86.ActiveCfg = Release|Win32
		{687B9D72-CD27-44C2-822B-36F8AD8584AA}.Release|x86.Build.0 = Release|Win32
		{2D618400-9FEF-4A3B-8028-6B3E26F2AEF1}.Debug|x64.ActiveCfg = Debug|x64
		{2D618400-9FEF-4A3B-8028-6B3E26F2AEF1}.Debug|x64.Build.0 = Debug|x64
		{2D618400-9FEF-4A3B-8028-6B3E26F2AEF1}.Debug|x86.ActiveCfg = Debug|Win32
		{2D618400-9FEF-4A3B-8028-6B3E26F2AEF1}.Debug|x86.Build.0 = Debug|Win32
		{2D618400-9FEF-4A3B-8028-6B3E26F2AEF1}.Release|x64.ActiveCfg = Release|x64
		{2D618400-9FEF-4A3B-8028-6B3E26F2AEF1}.Release|x64.Build.0 = Release|x64
		{2D618400-9FEF-4A3B-8028-6B3E26F2AEF1}.Release|x86.ActiveCfg = Release|Win32
		{2D618400-9FEF-4A3B-8028-6B3E26F2AEF1}.Release|x86.Build.0 = Release|Win32
		{891E3C5A-CF19-40E9-A529-7A9306AD9A81}.Debug|x64.ActiveCfg = Debug|x64
		{891E3C5A-CF19-40E9-A529-7A9306AD9A81}.Debug|x64.Build.0 = Debug|x64
		{891E3C5A-CF19-40E9-A529-7A9306AD9A81}.Debug|x86.ActiveCfg = Debug|Win32
		{891E3C5A-CF19-40E9-A529-7A9306AD9A81}.Debug|x86.Build.0 = Debug|Win32
		{891E3C5A-CF19-40E9-A529-7A9306AD9A81}.Release|x64.ActiveCfg = Release|x64
		{891E3C5A-CF19-40E9-A529-7A9306AD9A81}.Release|x64.Build.0 = Release|x64
		{891E3C5A-CF19-40E9-A529-7A9306AD9A81}.Release|x86.ActiveCfg = Release|Win32
		{891E3C5A-CF19-40E9-A529-7A9306AD9A81}.Release|x86.Build.0 = Release|Win32
		{96877BD2-1FEE-447E-B5E5-1809D47C349F}.Debug|x64.ActiveCfg = Debug|x64
		{96877BD2-1FEE-447E-B5E5-1809D47C349F}.Debug|x64.Build.0 = Debug|x64
		{96877BD2-1FEE-447E-B5E5-1809D47C349F}.Debug|x86.ActiveCfg = Debug|Win32
		{96877BD2-1FEE-447E-B5E5-1809D47C349F}.Debug|x86.Build.0 = Debug|Win32
		{96877BD2-1FEE-447E-B5E5-1809D47C349F}.Release|x64.ActiveCfg = Release|x64
		{96877BD2-1FEE-447E-B5E5-1809D47C349F}.Release|x64.Build.0 = Release|x64
		{96877BD2-1FEE-447E-B5E5-1809D47C349F}.Release|x86.ActiveCfg = Release|Win32
		{96877BD2-1FEE-447E-B5E5-1809D47C349F}.Release|x86.Build.0 = Release|Win32
		{9C7CC972-714D-4406-A2A9-1D67A9FDC5F3}.Debug|x64.ActiveCfg = Debug|x64
		{9C7CC972-714D-4406-A2A9-1D67A9FDC5F3}.Debug|x64.Build.0 = Debug|x64
		{9C7CC972-714D-4406-A2A9-1D67A9FDC5F3}.Debug|x86.ActiveCfg = Debug|Win32
		{9C7CC972-714D-4406-A2A9-1D67A9FDC5F3}.Debug|x86.Build.0 = Debug|Win32
		{9C7CC972-714D-4406-A2A9-1D67A9FDC5F3}.Release|x64.ActiveCfg = Release|x64
		{9C7CC972-714D-4406-A2A9-1D67A9FDC5F3}.Release|x64.Build.0 = Release|x64
		{9C7CC972-714D-4406-A2A9-1D67A9FDC5F3}.Release|x86.ActiveCfg = Release|Win32
		{9C7CC972-714D-4406-A2A9-1D67A9FDC5F3}.Release|x86.Build.0 = Release|Win32
		{E7EC367B-8518-4178-B600-AD0574451636}.Debug|x64.ActiveCfg = Debug|x64
		{E7EC367B-8518-4178-B600-AD0574451636}.Debug|x64.Build.0 = Debug|x64
		{E7EC367B-8518-4178-B600-AD0574451636}.Debug|x86.ActiveCfg = Debug|Win32
		{E7EC367B-8518-4178-B600-AD0574451636}.Debug|x86.Build.0 = Debug|Win32
		{E7EC367B-8518-4178-B600-AD0574451636}.Release|x64.ActiveCfg = Release|x64
		{E7EC367B-8518-4178-B600-AD0574451636}.Release|x64.Build.0 = Release|x64
		{E7EC367B-8518-4178-B600-AD0574451636}.Release|x86.ActiveCfg = Release|Win32
		{E7EC367B-8518-4178-B600-AD0574451636}.Release|x86.Build.0 = Release|Win32
	EndGlobalSection
	GlobalSection(SolutionProperties) = preSolution
		HideSolutionNode = FALSE
	EndGlobalSection
	GlobalSection(ExtensibilityGlobals) = postSolution
		SolutionGuid = {D2981EFC-5BCD-41AC-B882-94C4CAE36A55}
	EndGlobalSection
EndGlobal
